
Microsoft Visual Studio Solution File, Format Version 12.00
# Visual Studio Version 17
VisualStudioVersion = 17.7.34031.279
MinimumVisualStudioVersion = 10.0.40219.1
Project("{8BC9CEB8-8B4A-11D0-8D11-00A0C91BC942}") = "Bai002", "Bai002.vcxproj", "{8457BCE8-09DD-42C5-9E81-DC70C474AE6C}"
EndProject
Project("{8BC9CEB8-8B4A-11D0-8D11-00A0C91BC942}") = "Bai006", "..\Bai006\Bai006.vcxproj", "{5A8ADB15-BF74-4C47-A98A-78AFDE531D8D}"
EndProject
Project("{8BC9CEB8-8B4A-11D0-8D11-00A0C91BC942}") = "Bai010", "..\Bai010\Bai010.vcxproj", "{1DC46539-D929-455C-86FA-F2A113DC9148}"
EndProject
Project("{8BC9CEB8-8B4A-11D0-8D11-00A0C91BC942}") = "Bai014", "..\Bai014\Bai014.vcxproj", "{E754CAED-8EAD-4150-A9F5-7EB49BECCF15}"
EndProject
Project("{8BC9CEB8-8B4A-11D0-8D11-00A0C91BC942}") = "Bai018", "..\Bai018\Bai018.vcxproj", "{166F78FA-EC87-4113-8EFA-965B31AD0933}"
EndProject
Project("{8BC9CEB8-8B4A-11D0-8D11-00A0C91BC942}") = "Bai022", "..\Bai022\Bai022.vcxproj", "{3D423E9E-938F-4678-9D22-D25B8ABEE191}"
EndProject
Project("{8BC9CEB8-8B4A-11D0-8D11-00A0C91BC942}") = "Bai026", "..\Bai026\Bai026.vcxproj", "{FDE935B6-EDA9-412B-9FF0-71F7081744D3}"
EndProject
Project("{8BC9CEB8-8B4A-11D0-8D11-00A0C91BC942}") = "Bai030", "..\Bai030\Bai030.vcxproj", "{89A5B3DA-1DF0-4532-AB05-9CBCFD4A41BB}"
EndProject
Project("{8BC9CEB8-8B4A-11D0-8D11-00A0C91BC942}") = "Bai034", "..\Bai034\Bai034.vcxproj", "{83122F21-9DBA-447F-BCE2-AAF7165A22AE}"
EndProject
Project("{8BC9CEB8-8B4A-11D0-8D11-00A0C91BC942}") = "Bai038", "..\Bai038\Bai038.vcxproj", "{4E96DF6B-4712-4D17-B935-5291093805EB}"
EndProject
Project("{8BC9CEB8-8B4A-11D0-8D11-00A0C91BC942}") = "Bai042", "..\Bai042\Bai042.vcxproj", "{50B4E8D5-2249-4E44-8F73-D3BFDA3B66B9}"
EndProject
Project("{8BC9CEB8-8B4A-11D0-8D11-00A0C91BC942}") = "Bai046", "..\Bai046\Bai046.vcxproj", "{521128AA-F8FC-463A-804B-D63ADE535033}"
EndProject
Project("{8BC9CEB8-8B4A-11D0-8D11-00A0C91BC942}") = "Bai050", "..\Bai050\Bai050.vcxproj", "{49742600-C29D-4BA9-AB35-2D6839D29D96}"
EndProject
Project("{8BC9CEB8-8B4A-11D0-8D11-00A0C91BC942}") = "Bai054", "..\Bai054\Bai054.vcxproj", "{806C4B38-47D5-4A67-8770-C987E049A614}"
EndProject
Project("{8BC9CEB8-8B4A-11D0-8D11-00A0C91BC942}") = "Bai058", "..\Bai058\Bai058.vcxproj", "{EFE5728A-0C2B-4A27-AC74-B500F81344E7}"
EndProject
Project("{8BC9CEB8-8B4A-11D0-8D11-00A0C91BC942}") = "Bai062", "..\Bai062\Bai062.vcxproj", "{B17149D6-1F48-49B8-86CD-D425D5F9B2FB}"
EndProject
Project("{8BC9CEB8-8B4A-11D0-8D11-00A0C91BC942}") = "Bai066", "..\Bai066\Bai066.vcxproj", "{1A4ED363-8A3E-44CB-9DD3-DC991202D886}"
EndProject
Project("{8BC9CEB8-8B4A-11D0-8D11-00A0C91BC942}") = "Bai070", "..\Bai070\Bai070.vcxproj", "{2F46DE32-E89E-4A62-B046-B256D1FF8A25}"
EndProject
Project("{8BC9CEB8-8B4A-11D0-8D11-00A0C91BC942}") = "Bai074", "..\Bai074\Bai074.vcxproj", "{1E43ADDA-B8B5-4059-84F2-2BEFDF859332}"
EndProject
Project("{8BC9CEB8-8B4A-11D0-8D11-00A0C91BC942}") = "Bai078", "..\Bai078\Bai078.vcxproj", "{12C48D51-F72E-42ED-88D3-803F515EEE9D}"
EndProject
Project("{8BC9CEB8-8B4A-11D0-8D11-00A0C91BC942}") = "Bai082", "..\Bai082\Bai082.vcxproj", "{B105581B-B89B-47AE-BA4F-F54B297B8ED8}"
EndProject
Project("{8BC9CEB8-8B4A-11D0-8D11-00A0C91BC942}") = "Bai086", "..\Bai086\Bai086.vcxproj", "{55448028-E06C-4E7F-ADB0-DE868550A82A}"
EndProject
Project("{8BC9CEB8-8B4A-11D0-8D11-00A0C91BC942}") = "Bai090", "..\Bai090\Bai090.vcxproj", "{C236CE25-61F9-4977-A06B-960E7E41642B}"
EndProject
Project("{8BC9CEB8-8B4A-11D0-8D11-00A0C91BC942}") = "Bai094", "..\Bai094\Bai094.vcxproj", "{21A9161E-448B-464F-8AA0-91398D9261F2}"
EndProject
Project("{8BC9CEB8-8B4A-11D0-8D11-00A0C91BC942}") = "Bai098", "..\Bai098\Bai098.vcxproj", "{99ACD8DB-BE7C-4533-BA1E-6BE549B4F724}"
EndProject
Project("{8BC9CEB8-8B4A-11D0-8D11-00A0C91BC942}") = "Bai102", "..\Bai102\Bai102.vcxproj", "{DED410A0-58FA-4DD9-BA64-88F849B6EBD9}"
EndProject
Project("{8BC9CEB8-8B4A-11D0-8D11-00A0C91BC942}") = "Bai106", "..\Bai106\Bai106.vcxproj", "{44EE5208-5EF0-44D2-9B1F-96251BEEA2D6}"
EndProject
Project("{8BC9CEB8-8B4A-11D0-8D11-00A0C91BC942}") = "Bai110", "..\Bai110\Bai110.vcxproj", "{560D1B57-FB3A-49E5-9A44-270DBCD2A795}"
EndProject
Project("{8BC9CEB8-8B4A-11D0-8D11-00A0C91BC942}") = "Bai114", "..\Bai114\Bai114.vcxproj", "{D8B27C60-BF65-4DB6-8B3A-46F3C0E80BC2}"
EndProject
Project("{8BC9CEB8-8B4A-11D0-8D11-00A0C91BC942}") = "Bai118", "..\Bai118\Bai118.vcxproj", "{1608417B-6EBF-46FC-9198-4DED79D456AE}"
EndProject
Project("{8BC9CEB8-8B4A-11D0-8D11-00A0C91BC942}") = "Bai122", "..\Bai122\Bai122.vcxproj", "{5DFFE1EB-B688-4D0F-97D7-44709FDB110F}"
EndProject
Project("{8BC9CEB8-8B4A-11D0-8D11-00A0C91BC942}") = "Bai126", "..\Bai126\Bai126.vcxproj", "{182315AB-AEFF-4346-9FD3-1C32C2ABA364}"
EndProject
Project("{8BC9CEB8-8B4A-11D0-8D11-00A0C91BC942}") = "130", "..\130\130.vcxproj", "{E5A0C2CA-65BE-4B30-B634-D11FCDB96D06}"
EndProject
Project("{8BC9CEB8-8B4A-11D0-8D11-00A0C91BC942}") = "Bai130", "..\Bai130\Bai130.vcxproj", "{E5C3422A-E162-440F-AB35-E4F32C585CD9}"
EndProject
Project("{8BC9CEB8-8B4A-11D0-8D11-00A0C91BC942}") = "Bai134", "..\Bai134\Bai134.vcxproj", "{5A94A710-5B1D-4EA2-B7D9-446A93098B13}"
EndProject
Project("{8BC9CEB8-8B4A-11D0-8D11-00A0C91BC942}") = "Bai138", "..\Bai138\Bai138.vcxproj", "{020ED4C8-DB3A-47BC-BC17-98E23C2AD862}"
EndProject
Project("{8BC9CEB8-8B4A-11D0-8D11-00A0C91BC942}") = "Bai142", "..\Bai142\Bai142.vcxproj", "{9E1977DD-873E-44DC-B6CD-FFD537A6C480}"
EndProject
Project("{8BC9CEB8-8B4A-11D0-8D11-00A0C91BC942}") = "Bai146", "..\Bai146\Bai146.vcxproj", "{DAAC15FE-C43A-43CE-A1F2-A525E25B9CB1}"
EndProject
Project("{8BC9CEB8-8B4A-11D0-8D11-00A0C91BC942}") = "Bai150", "..\Bai150\Bai150.vcxproj", "{629D1FA5-EB07-4D23-933C-568284250B87}"
EndProject
Project("{8BC9CEB8-8B4A-11D0-8D11-00A0C91BC942}") = "Bai154", "..\Bai154\Bai154.vcxproj", "{EA2D5FE1-7F83-42E4-969F-D2B184CBCA0C}"
EndProject
Project("{8BC9CEB8-8B4A-11D0-8D11-00A0C91BC942}") = "Bai158", "..\Bai158\Bai158.vcxproj", "{0F85F507-5937-44B1-A312-2C8CCF7B10DE}"
EndProject
Project("{8BC9CEB8-8B4A-11D0-8D11-00A0C91BC942}") = "Bai162", "..\Bai162\Bai162.vcxproj", "{1ED5A01C-0262-4E05-8B95-0EA0577A9F87}"
EndProject
Project("{8BC9CEB8-8B4A-11D0-8D11-00A0C91BC942}") = "Bai166", "..\Bai166\Bai166.vcxproj", "{4D76D4BD-834D-4D77-BB71-984D2D27C087}"
EndProject
Project("{8BC9CEB8-8B4A-11D0-8D11-00A0C91BC942}") = "Bai170", "..\Bai170\Bai170.vcxproj", "{7FB123BA-4497-4E7E-ABFC-BD8CB9C331BE}"
EndProject
Project("{8BC9CEB8-8B4A-11D0-8D11-00A0C91BC942}") = "Bai174", "..\Bai174\Bai174.vcxproj", "{9BDCA20B-00CB-46AF-AFF4-B37FFCBE2B58}"
EndProject
Project("{8BC9CEB8-8B4A-11D0-8D11-00A0C91BC942}") = "Bai178", "..\Bai178\Bai178.vcxproj", "{33528AD9-15F7-412D-82C2-7645772BC0D7}"
EndProject
Project("{8BC9CEB8-8B4A-11D0-8D11-00A0C91BC942}") = "Bai182", "..\Bai182\Bai182.vcxproj", "{36E9E904-EB9F-452B-A183-6E64A9A8056D}"
EndProject
Project("{8BC9CEB8-8B4A-11D0-8D11-00A0C91BC942}") = "Bai186", "..\Bai186\Bai186.vcxproj", "{2BFFD856-023A-4D94-8CF2-492F5757D4D3}"
EndProject
Project("{8BC9CEB8-8B4A-11D0-8D11-00A0C91BC942}") = "Bai190", "..\Bai190\Bai190.vcxproj", "{51109937-42EA-475A-8B58-C3865DAD5AC3}"
EndProject
Project("{8BC9CEB8-8B4A-11D0-8D11-00A0C91BC942}") = "Bai194", "..\Bai194\Bai194.vcxproj", "{2A64A936-44D2-462A-A098-DB36C1D71DEF}"
EndProject
Project("{8BC9CEB8-8B4A-11D0-8D11-00A0C91BC942}") = "Bai198", "..\Bai198\Bai198.vcxproj", "{FC6E0E7E-2D14-414F-86A5-FA8111D5B1A3}"
EndProject
Project("{8BC9CEB8-8B4A-11D0-8D11-00A0C91BC942}") = "Bai202", "..\Bai202\Bai202.vcxproj", "{27CB1E54-30C0-427A-A7AD-9107EBD959CA}"
EndProject
Project("{8BC9CEB8-8B4A-11D0-8D11-00A0C91BC942}") = "Bai206", "..\Bai206\Bai206.vcxproj", "{C5E8D470-AC4B-46A3-8B53-26DEF2444009}"
EndProject
Project("{8BC9CEB8-8B4A-11D0-8D11-00A0C91BC942}") = "Bai210", "..\Bai210\Bai210.vcxproj", "{0841B420-87AE-4327-8B3A-5A00BF6ACA6C}"
EndProject
Project("{8BC9CEB8-8B4A-11D0-8D11-00A0C91BC942}") = "Bai214", "..\Bai214\Bai214.vcxproj", "{BC96E341-0ECB-4A85-B14C-3A4888767B4E}"
EndProject
Project("{8BC9CEB8-8B4A-11D0-8D11-00A0C91BC942}") = "Bai218", "..\Bai218\Bai218.vcxproj", "{69C1D135-6EF3-4FF4-9171-C85A2D7190A1}"
EndProject
Project("{8BC9CEB8-8B4A-11D0-8D11-00A0C91BC942}") = "Bai222", "..\Bai222\Bai222.vcxproj", "{2679EB7B-BA39-4275-AB59-7F5105C40D8A}"
EndProject
Project("{8BC9CEB8-8B4A-11D0-8D11-00A0C91BC942}") = "Bai226", "..\Bai226\Bai226.vcxproj", "{CCF2CFBE-0593-46CC-948A-FDCCB4C34824}"
EndProject
Project("{8BC9CEB8-8B4A-11D0-8D11-00A0C91BC942}") = "Bai230", "..\Bai230\Bai230.vcxproj", "{9E5C563F-9282-48B6-995A-E4532472AA0F}"
EndProject
Project("{8BC9CEB8-8B4A-11D0-8D11-00A0C91BC942}") = "Bai234", "..\Bai234\Bai234.vcxproj", "{FD712DC3-65CE-409B-B7EB-3A17A2A9478C}"
EndProject
Project("{8BC9CEB8-8B4A-11D0-8D11-00A0C91BC942}") = "Bai238", "..\Bai238\Bai238.vcxproj", "{2A0ACB01-2671-49A9-B4B4-5C616B56ACA8}"
EndProject
Project("{8BC9CEB8-8B4A-11D0-8D11-00A0C91BC942}") = "Bai242", "..\Bai242\Bai242.vcxproj", "{D30C4020-CF0A-4E95-BB6A-69DFB3CC21A0}"
EndProject
Project("{8BC9CEB8-8B4A-11D0-8D11-00A0C91BC942}") = "Bai246", "..\Bai246\Bai246.vcxproj", "{3CFDBB1A-8F1B-489C-AA9C-0B1AFF26A6A3}"
EndProject
Global
	GlobalSection(SolutionConfigurationPlatforms) = preSolution
		Debug|x64 = Debug|x64
		Debug|x86 = Debug|x86
		Release|x64 = Release|x64
		Release|x86 = Release|x86
	EndGlobalSection
	GlobalSection(ProjectConfigurationPlatforms) = postSolution
		{8457BCE8-09DD-42C5-9E81-DC70C474AE6C}.Debug|x64.ActiveCfg = Debug|x64
		{8457BCE8-09DD-42C5-9E81-DC70C474AE6C}.Debug|x64.Build.0 = Debug|x64
		{8457BCE8-09DD-42C5-9E81-DC70C474AE6C}.Debug|x86.ActiveCfg = Debug|Win32
		{8457BCE8-09DD-42C5-9E81-DC70C474AE6C}.Debug|x86.Build.0 = Debug|Win32
		{8457BCE8-09DD-42C5-9E81-DC70C474AE6C}.Release|x64.ActiveCfg = Release|x64
		{8457BCE8-09DD-42C5-9E81-DC70C474AE6C}.Release|x64.Build.0 = Release|x64
		{8457BCE8-09DD-42C5-9E81-DC70C474AE6C}.Release|x86.ActiveCfg = Release|Win32
		{8457BCE8-09DD-42C5-9E81-DC70C474AE6C}.Release|x86.Build.0 = Release|Win32
		{5A8ADB15-BF74-4C47-A98A-78AFDE531D8D}.Debug|x64.ActiveCfg = Debug|x64
		{5A8ADB15-BF74-4C47-A98A-78AFDE531D8D}.Debug|x64.Build.0 = Debug|x64
		{5A8ADB15-BF74-4C47-A98A-78AFDE531D8D}.Debug|x86.ActiveCfg = Debug|Win32
		{5A8ADB15-BF74-4C47-A98A-78AFDE531D8D}.Debug|x86.Build.0 = Debug|Win32
		{5A8ADB15-BF74-4C47-A98A-78AFDE531D8D}.Release|x64.ActiveCfg = Release|x64
		{5A8ADB15-BF74-4C47-A98A-78AFDE531D8D}.Release|x64.Build.0 = Release|x64
		{5A8ADB15-BF74-4C47-A98A-78AFDE531D8D}.Release|x86.ActiveCfg = Release|Win32
		{5A8ADB15-BF74-4C47-A98A-78AFDE531D8D}.Release|x86.Build.0 = Release|Win32
		{1DC46539-D929-455C-86FA-F2A113DC9148}.Debug|x64.ActiveCfg = Debug|x64
		{1DC46539-D929-455C-86FA-F2A113DC9148}.Debug|x64.Build.0 = Debug|x64
		{1DC46539-D929-455C-86FA-F2A113DC9148}.Debug|x86.ActiveCfg = Debug|Win32
		{1DC46539-D929-455C-86FA-F2A113DC9148}.Debug|x86.Build.0 = Debug|Win32
		{1DC46539-D929-455C-86FA-F2A113DC9148}.Release|x64.ActiveCfg = Release|x64
		{1DC46539-D929-455C-86FA-F2A113DC9148}.Release|x64.Build.0 = Release|x64
		{1DC46539-D929-455C-86FA-F2A113DC9148}.Release|x86.ActiveCfg = Release|Win32
		{1DC46539-D929-455C-86FA-F2A113DC9148}.Release|x86.Build.0 = Release|Win32
		{E754CAED-8EAD-4150-A9F5-7EB49BECCF15}.Debug|x64.ActiveCfg = Debug|x64
		{E754CAED-8EAD-4150-A9F5-7EB49BECCF15}.Debug|x64.Build.0 = Debug|x64
		{E754CAED-8EAD-4150-A9F5-7EB49BECCF15}.Debug|x86.ActiveCfg = Debug|Win32
		{E754CAED-8EAD-4150-A9F5-7EB49BECCF15}.Debug|x86.Build.0 = Debug|Win32
		{E754CAED-8EAD-4150-A9F5-7EB49BECCF15}.Release|x64.ActiveCfg = Release|x64
		{E754CAED-8EAD-4150-A9F5-7EB49BECCF15}.Release|x64.Build.0 = Release|x64
		{E754CAED-8EAD-4150-A9F5-7EB49BECCF15}.Release|x86.ActiveCfg = Release|Win32
		{E754CAED-8EAD-4150-A9F5-7EB49BECCF15}.Release|x86.Build.0 = Release|Win32
		{166F78FA-EC87-4113-8EFA-965B31AD0933}.Debug|x64.ActiveCfg = Debug|x64
		{166F78FA-EC87-4113-8EFA-965B31AD0933}.Debug|x64.Build.0 = Debug|x64
		{166F78FA-EC87-4113-8EFA-965B31AD0933}.Debug|x86.ActiveCfg = Debug|Win32
		{166F78FA-EC87-4113-8EFA-965B31AD0933}.Debug|x86.Build.0 = Debug|Win32
		{166F78FA-EC87-4113-8EFA-965B31AD0933}.Release|x64.ActiveCfg = Release|x64
		{166F78FA-EC87-4113-8EFA-965B31AD0933}.Release|x64.Build.0 = Release|x64
		{166F78FA-EC87-4113-8EFA-965B31AD0933}.Release|x86.ActiveCfg = Release|Win32
		{166F78FA-EC87-4113-8EFA-965B31AD0933}.Release|x86.Build.0 = Release|Win32
		{3D423E9E-938F-4678-9D22-D25B8ABEE191}.Debug|x64.ActiveCfg = Debug|x64
		{3D423E9E-938F-4678-9D22-D25B8ABEE191}.Debug|x64.Build.0 = Debug|x64
		{3D423E9E-938F-4678-9D22-D25B8ABEE191}.Debug|x86.ActiveCfg = Debug|Win32
		{3D423E9E-938F-4678-9D22-D25B8ABEE191}.Debug|x86.Build.0 = Debug|Win32
		{3D423E9E-938F-4678-9D22-D25B8ABEE191}.Release|x64.ActiveCfg = Release|x64
		{3D423E9E-938F-4678-9D22-D25B8ABEE191}.Release|x64.Build.0 = Release|x64
		{3D423E9E-938F-4678-9D22-D25B8ABEE191}.Release|x86.ActiveCfg = Release|Win32
		{3D423E9E-938F-4678-9D22-D25B8ABEE191}.Release|x86.Build.0 = Release|Win32
		{FDE935B6-EDA9-412B-9FF0-71F7081744D3}.Debug|x64.ActiveCfg = Debug|x64
		{FDE935B6-EDA9-412B-9FF0-71F7081744D3}.Debug|x64.Build.0 = Debug|x64
		{FDE935B6-EDA9-412B-9FF0-71F7081744D3}.Debug|x86.ActiveCfg = Debug|Win32
		{FDE935B6-EDA9-412B-9FF0-71F7081744D3}.Debug|x86.Build.0 = Debug|Win32
		{FDE935B6-EDA9-412B-9FF0-71F7081744D3}.Release|x64.ActiveCfg = Release|x64
		{FDE935B6-EDA9-412B-9FF0-71F7081744D3}.Release|x64.Build.0 = Release|x64
		{FDE935B6-EDA9-412B-9FF0-71F7081744D3}.Release|x86.ActiveCfg = Release|Win32
		{FDE935B6-EDA9-412B-9FF0-71F7081744D3}.Release|x86.Build.0 = Release|Win32
		{89A5B3DA-1DF0-4532-AB05-9CBCFD4A41BB}.Debug|x64.ActiveCfg = Debug|x64
		{89A5B3DA-1DF0-4532-AB05-9CBCFD4A41BB}.Debug|x64.Build.0 = Debug|x64
		{89A5B3DA-1DF0-4532-AB05-9CBCFD4A41BB}.Debug|x86.ActiveCfg = Debug|Win32
		{89A5B3DA-1DF0-4532-AB05-9CBCFD4A41BB}.Debug|x86.Build.0 = Debug|Win32
		{89A5B3DA-1DF0-4532-AB05-9CBCFD4A41BB}.Release|x64.ActiveCfg = Release|x64
		{89A5B3DA-1DF0-4532-AB05-9CBCFD4A41BB}.Release|x64.Build.0 = Release|x64
		{89A5B3DA-1DF0-4532-AB05-9CBCFD4A41BB}.Release|x86.ActiveCfg = Release|Win32
		{89A5B3DA-1DF0-4532-AB05-9CBCFD4A41BB}.Release|x86.Build.0 = Release|Win32
		{83122F21-9DBA-447F-BCE2-AAF7165A22AE}.Debug|x64.ActiveCfg = Debug|x64
		{83122F21-9DBA-447F-BCE2-AAF7165A22AE}.Debug|x64.Build.0 = Debug|x64
		{83122F21-9DBA-447F-BCE2-AAF7165A22AE}.Debug|x86.ActiveCfg = Debug|Win32
		{83122F21-9DBA-447F-BCE2-AAF7165A22AE}.Debug|x86.Build.0 = Debug|Win32
		{83122F21-9DBA-447F-BCE2-AAF7165A22AE}.Release|x64.ActiveCfg = Release|x64
		{83122F21-9DBA-447F-BCE2-AAF7165A22AE}.Release|x64.Build.0 = Release|x64
		{83122F21-9DBA-447F-BCE2-AAF7165A22AE}.Release|x86.ActiveCfg = Release|Win32
		{83122F21-9DBA-447F-BCE2-AAF7165A22AE}.Release|x86.Build.0 = Release|Win32
		{4E96DF6B-4712-4D17-B935-5291093805EB}.Debug|x64.ActiveCfg = Debug|x64
		{4E96DF6B-4712-4D17-B935-5291093805EB}.Debug|x64.Build.0 = Debug|x64
		{4E96DF6B-4712-4D17-B935-5291093805EB}.Debug|x86.ActiveCfg = Debug|Win32
		{4E96DF6B-4712-4D17-B935-5291093805EB}.Debug|x86.Build.0 = Debug|Win32
		{4E96DF6B-4712-4D17-B935-5291093805EB}.Release|x64.ActiveCfg = Release|x64
		{4E96DF6B-4712-4D17-B935-5291093805EB}.Release|x64.Build.0 = Release|x64
		{4E96DF6B-4712-4D17-B935-5291093805EB}.Release|x86.ActiveCfg = Release|Win32
		{4E96DF6B-4712-4D17-B935-5291093805EB}.Release|x86.Build.0 = Release|Win32
		{50B4E8D5-2249-4E44-8F73-D3BFDA3B66B9}.Debug|x64.ActiveCfg = Debug|x64
		{50B4E8D5-2249-4E44-8F73-D3BFDA3B66B9}.Debug|x64.Build.0 = Debug|x64
		{50B4E8D5-2249-4E44-8F73-D3BFDA3B66B9}.Debug|x86.ActiveCfg = Debug|Win32
		{50B4E8D5-2249-4E44-8F73-D3BFDA3B66B9}.Debug|x86.Build.0 = Debug|Win32
		{50B4E8D5-2249-4E44-8F73-D3BFDA3B66B9}.Release|x64.ActiveCfg = Release|x64
		{50B4E8D5-2249-4E44-8F73-D3BFDA3B66B9}.Release|x64.Build.0 = Release|x64
		{50B4E8D5-2249-4E44-8F73-D3BFDA3B66B9}.Release|x86.ActiveCfg = Release|Win32
		{50B4E8D5-2249-4E44-8F73-D3BFDA3B66B9}.Release|x86.Build.0 = Release|Win32
		{521128AA-F8FC-463A-804B-D63ADE535033}.Debug|x64.ActiveCfg = Debug|x64
		{521128AA-F8FC-463A-804B-D63ADE535033}.Debug|x64.Build.0 = Debug|x64
		{521128AA-F8FC-463A-804B-D63ADE535033}.Debug|x86.ActiveCfg = Debug|Win32
		{521128AA-F8FC-463A-804B-D63ADE535033}.Debug|x86.Build.0 = Debug|Win32
		{521128AA-F8FC-463A-804B-D63ADE535033}.Release|x64.ActiveCfg = Release|x64
		{521128AA-F8FC-463A-804B-D63ADE535033}.Release|x64.Build.0 = Release|x64
		{521128AA-F8FC-463A-804B-D63ADE535033}.Release|x86.ActiveCfg = Release|Win32
		{521128AA-F8FC-463A-804B-D63ADE535033}.Release|x86.Build.0 = Release|Win32
		{49742600-C29D-4BA9-AB35-2D6839D29D96}.Debug|x64.ActiveCfg = Debug|x64
		{49742600-C29D-4BA9-AB35-2D6839D29D96}.Debug|x64.Build.0 = Debug|x64
		{49742600-C29D-4BA9-AB35-2D6839D29D96}.Debug|x86.ActiveCfg = Debug|Win32
		{49742600-C29D-4BA9-AB35-2D6839D29D96}.Debug|x86.Build.0 = Debug|Win32
		{49742600-C29D-4BA9-AB35-2D6839D29D96}.Release|x64.ActiveCfg = Release|x64
		{49742600-C29D-4BA9-AB35-2D6839D29D96}.Release|x64.Build.0 = Release|x64
		{49742600-C29D-4BA9-AB35-2D6839D29D96}.Release|x86.ActiveCfg = Release|Win32
		{49742600-C29D-4BA9-AB35-2D6839D29D96}.Release|x86.Build.0 = Release|Win32
		{806C4B38-47D5-4A67-8770-C987E049A614}.Debug|x64.ActiveCfg = Debug|x64
		{806C4B38-47D5-4A67-8770-C987E049A614}.Debug|x64.Build.0 = Debug|x64
		{806C4B38-47D5-4A67-8770-C987E049A614}.Debug|x86.ActiveCfg = Debug|Win32
		{806C4B38-47D5-4A67-8770-C987E049A614}.Debug|x86.Build.0 = Debug|Win32
		{806C4B38-47D5-4A67-8770-C987E049A614}.Release|x64.ActiveCfg = Release|x64
		{806C4B38-47D5-4A67-8770-C987E049A614}.Release|x64.Build.0 = Release|x64
		{806C4B38-47D5-4A67-8770-C987E049A614}.Release|x86.ActiveCfg = Release|Win32
		{806C4B38-47D5-4A67-8770-C987E049A614}.Release|x86.Build.0 = Release|Win32
		{EFE5728A-0C2B-4A27-AC74-B500F81344E7}.Debug|x64.ActiveCfg = Debug|x64
		{EFE5728A-0C2B-4A27-AC74-B500F81344E7}.Debug|x64.Build.0 = Debug|x64
		{EFE5728A-0C2B-4A27-AC74-B500F81344E7}.Debug|x86.ActiveCfg = Debug|Win32
		{EFE5728A-0C2B-4A27-AC74-B500F81344E7}.Debug|x86.Build.0 = Debug|Win32
		{EFE5728A-0C2B-4A27-AC74-B500F81344E7}.Release|x64.ActiveCfg = Release|x64
		{EFE5728A-0C2B-4A27-AC74-B500F81344E7}.Release|x64.Build.0 = Release|x64
		{EFE5728A-0C2B-4A27-AC74-B500F81344E7}.Release|x86.ActiveCfg = Release|Win32
		{EFE5728A-0C2B-4A27-AC74-B500F81344E7}.Release|x86.Build.0 = Release|Win32
		{B17149D6-1F48-49B8-86CD-D425D5F9B2FB}.Debug|x64.ActiveCfg = Debug|x64
		{B17149D6-1F48-49B8-86CD-D425D5F9B2FB}.Debug|x64.Build.0 = Debug|x64
		{B17149D6-1F48-49B8-86CD-D425D5F9B2FB}.Debug|x86.ActiveCfg = Debug|Win32
		{B17149D6-1F48-49B8-86CD-D425D5F9B2FB}.Debug|x86.Build.0 = Debug|Win32
		{B17149D6-1F48-49B8-86CD-D425D5F9B2FB}.Release|x64.ActiveCfg = Release|x64
		{B17149D6-1F48-49B8-86CD-D425D5F9B2FB}.Release|x64.Build.0 = Release|x64
		{B17149D6-1F48-49B8-86CD-D425D5F9B2FB}.Release|x86.ActiveCfg = Release|Win32
		{B17149D6-1F48-49B8-86CD-D425D5F9B2FB}.Release|x86.Build.0 = Release|Win32
		{1A4ED363-8A3E-44CB-9DD3-DC991202D886}.Debug|x64.ActiveCfg = Debug|x64
		{1A4ED363-8A3E-44CB-9DD3-DC991202D886}.Debug|x64.Build.0 = Debug|x64
		{1A4ED363-8A3E-44CB-9DD3-DC991202D886}.Debug|x86.ActiveCfg = Debug|Win32
		{1A4ED363-8A3E-44CB-9DD3-DC991202D886}.Debug|x86.Build.0 = Debug|Win32
		{1A4ED363-8A3E-44CB-9DD3-DC991202D886}.Release|x64.ActiveCfg = Release|x64
		{1A4ED363-8A3E-44CB-9DD3-DC991202D886}.Release|x64.Build.0 = Release|x64
		{1A4ED363-8A3E-44CB-9DD3-DC991202D886}.Release|x86.ActiveCfg = Release|Win32
		{1A4ED363-8A3E-44CB-9DD3-DC991202D886}.Release|x86.Build.0 = Release|Win32
		{2F46DE32-E89E-4A62-B046-B256D1FF8A25}.Debug|x64.ActiveCfg = Debug|x64
		{2F46DE32-E89E-4A62-B046-B256D1FF8A25}.Debug|x64.Build.0 = Debug|x64
		{2F46DE32-E89E-4A62-B046-B256D1FF8A25}.Debug|x86.ActiveCfg = Debug|Win32
		{2F46DE32-E89E-4A62-B046-B256D1FF8A25}.Debug|x86.Build.0 = Debug|Win32
		{2F46DE32-E89E-4A62-B046-B256D1FF8A25}.Release|x64.ActiveCfg = Release|x64
		{2F46DE32-E89E-4A62-B046-B256D1FF8A25}.Release|x64.Build.0 = Release|x64
		{2F46DE32-E89E-4A62-B046-B256D1FF8A25}.Release|x86.ActiveCfg = Release|Win32
		{2F46DE32-E89E-4A62-B046-B256D1FF8A25}.Release|x86.Build.0 = Release|Win32
		{1E43ADDA-B8B5-4059-84F2-2BEFDF859332}.Debug|x64.ActiveCfg = Debug|x64
		{1E43ADDA-B8B5-4059-84F2-2BEFDF859332}.Debug|x64.Build.0 = Debug|x64
		{1E43ADDA-B8B5-4059-84F2-2BEFDF859332}.Debug|x86.ActiveCfg = Debug|Win32
		{1E43ADDA-B8B5-4059-84F2-2BEFDF859332}.Debug|x86.Build.0 = Debug|Win32
		{1E43ADDA-B8B5-4059-84F2-2BEFDF859332}.Release|x64.ActiveCfg = Release|x64
		{1E43ADDA-B8B5-4059-84F2-2BEFDF859332}.Release|x64.Build.0 = Release|x64
		{1E43ADDA-B8B5-4059-84F2-2BEFDF859332}.Release|x86.ActiveCfg = Release|Win32
		{1E43ADDA-B8B5-4059-84F2-2BEFDF859332}.Release|x86.Build.0 = Release|Win32
		{12C48D51-F72E-42ED-88D3-803F515EEE9D}.Debug|x64.ActiveCfg = Debug|x64
		{12C48D51-F72E-42ED-88D3-803F515EEE9D}.Debug|x64.Build.0 = Debug|x64
		{12C48D51-F72E-42ED-88D3-803F515EEE9D}.Debug|x86.ActiveCfg = Debug|Win32
		{12C48D51-F72E-42ED-88D3-803F515EEE9D}.Debug|x86.Build.0 = Debug|Win32
		{12C48D51-F72E-42ED-88D3-803F515EEE9D}.Release|x64.ActiveCfg = Release|x64
		{12C48D51-F72E-42ED-88D3-803F515EEE9D}.Release|x64.Build.0 = Release|x64
		{12C48D51-F72E-42ED-88D3-803F515EEE9D}.Release|x86.ActiveCfg = Release|Win32
		{12C48D51-F72E-42ED-88D3-803F515EEE9D}.Release|x86.Build.0 = Release|Win32
		{B105581B-B89B-47AE-BA4F-F54B297B8ED8}.Debug|x64.ActiveCfg = Debug|x64
		{B105581B-B89B-47AE-BA4F-F54B297B8ED8}.Debug|x64.Build.0 = Debug|x64
		{B105581B-B89B-47AE-BA4F-F54B297B8ED8}.Debug|x86.ActiveCfg = Debug|Win32
		{B105581B-B89B-47AE-BA4F-F54B297B8ED8}.Debug|x86.Build.0 = Debug|Win32
		{B105581B-B89B-47AE-BA4F-F54B297B8ED8}.Release|x64.ActiveCfg = Release|x64
		{B105581B-B89B-47AE-BA4F-F54B297B8ED8}.Release|x64.Build.0 = Release|x64
		{B105581B-B89B-47AE-BA4F-F54B297B8ED8}.Release|x86.ActiveCfg = Release|Win32
		{B105581B-B89B-47AE-BA4F-F54B297B8ED8}.Release|x86.Build.0 = Release|Win32
		{55448028-E06C-4E7F-ADB0-DE868550A82A}.Debug|x64.ActiveCfg = Debug|x64
		{55448028-E06C-4E7F-ADB0-DE868550A82A}.Debug|x64.Build.0 = Debug|x64
		{55448028-E06C-4E7F-ADB0-DE868550A82A}.Debug|x86.ActiveCfg = Debug|Win32
		{55448028-E06C-4E7F-ADB0-DE868550A82A}.Debug|x86.Build.0 = Debug|Win32
		{55448028-E06C-4E7F-ADB0-DE868550A82A}.Release|x64.ActiveCfg = Release|x64
		{55448028-E06C-4E7F-ADB0-DE868550A82A}.Release|x64.Build.0 = Release|x64
		{55448028-E06C-4E7F-ADB0-DE868550A82A}.Release|x86.ActiveCfg = Release|Win32
		{55448028-E06C-4E7F-ADB0-DE868550A82A}.Release|x86.Build.0 = Release|Win32
		{C236CE25-61F9-4977-A06B-960E7E41642B}.Debug|x64.ActiveCfg = Debug|x64
		{C236CE25-61F9-4977-A06B-960E7E41642B}.Debug|x64.Build.0 = Debug|x64
		{C236CE25-61F9-4977-A06B-960E7E41642B}.Debug|x86.ActiveCfg = Debug|Win32
		{C236CE25-61F9-4977-A06B-960E7E41642B}.Debug|x86.Build.0 = Debug|Win32
		{C236CE25-61F9-4977-A06B-960E7E41642B}.Release|x64.ActiveCfg = Release|x64
		{C236CE25-61F9-4977-A06B-960E7E41642B}.Release|x64.Build.0 = Release|x64
		{C236CE25-61F9-4977-A06B-960E7E41642B}.Release|x86.ActiveCfg = Release|Win32
		{C236CE25-61F9-4977-A06B-960E7E41642B}.Release|x86.Build.0 = Release|Win32
		{21A9161E-448B-464F-8AA0-91398D9261F2}.Debug|x64.ActiveCfg = Debug|x64
		{21A9161E-448B-464F-8AA0-91398D9261F2}.Debug|x64.Build.0 = Debug|x64
		{21A9161E-448B-464F-8AA0-91398D9261F2}.Debug|x86.ActiveCfg = Debug|Win32
		{21A9161E-448B-464F-8AA0-91398D9261F2}.Debug|x86.Build.0 = Debug|Win32
		{21A9161E-448B-464F-8AA0-91398D9261F2}.Release|x64.ActiveCfg = Release|x64
		{21A9161E-448B-464F-8AA0-91398D9261F2}.Release|x64.Build.0 = Release|x64
		{21A9161E-448B-464F-8AA0-91398D9261F2}.Release|x86.ActiveCfg = Release|Win32
		{21A9161E-448B-464F-8AA0-91398D9261F2}.Release|x86.Build.0 = Release|Win32
		{99ACD8DB-BE7C-4533-BA1E-6BE549B4F724}.Debug|x64.ActiveCfg = Debug|x64
		{99ACD8DB-BE7C-4533-BA1E-6BE549B4F724}.Debug|x64.Build.0 = Debug|x64
		{99ACD8DB-BE7C-4533-BA1E-6BE549B4F724}.Debug|x86.ActiveCfg = Debug|Win32
		{99ACD8DB-BE7C-4533-BA1E-6BE549B4F724}.Debug|x86.Build.0 = Debug|Win32
		{99ACD8DB-BE7C-4533-BA1E-6BE549B4F724}.Release|x64.ActiveCfg = Release|x64
		{99ACD8DB-BE7C-4533-BA1E-6BE549B4F724}.Release|x64.Build.0 = Release|x64
		{99ACD8DB-BE7C-4533-BA1E-6BE549B4F724}.Release|x86.ActiveCfg = Release|Win32
		{99ACD8DB-BE7C-4533-BA1E-6BE549B4F724}.Release|x86.Build.0 = Release|Win32
		{DED410A0-58FA-4DD9-BA64-88F849B6EBD9}.Debug|x64.ActiveCfg = Debug|x64
		{DED410A0-58FA-4DD9-BA64-88F849B6EBD9}.Debug|x64.Build.0 = Debug|x64
		{DED410A0-58FA-4DD9-BA64-88F849B6EBD9}.Debug|x86.ActiveCfg = Debug|Win32
		{DED410A0-58FA-4DD9-BA64-88F849B6EBD9}.Debug|x86.Build.0 = Debug|Win32
		{DED410A0-58FA-4DD9-BA64-88F849B6EBD9}.Release|x64.ActiveCfg = Release|x64
		{DED410A0-58FA-4DD9-BA64-88F849B6EBD9}.Release|x64.Build.0 = Release|x64
		{DED410A0-58FA-4DD9-BA64-88F849B6EBD9}.Release|x86.ActiveCfg = Release|Win32
		{DED410A0-58FA-4DD9-BA64-88F849B6EBD9}.Release|x86.Build.0 = Release|Win32
		{44EE5208-5EF0-44D2-9B1F-96251BEEA2D6}.Debug|x64.ActiveCfg = Debug|x64
		{44EE5208-5EF0-44D2-9B1F-96251BEEA2D6}.Debug|x64.Build.0 = Debug|x64
		{44EE5208-5EF0-44D2-9B1F-96251BEEA2D6}.Debug|x86.ActiveCfg = Debug|Win32
		{44EE5208-5EF0-44D2-9B1F-96251BEEA2D6}.Debug|x86.Build.0 = Debug|Win32
		{44EE5208-5EF0-44D2-9B1F-96251BEEA2D6}.Release|x64.ActiveCfg = Release|x64
		{44EE5208-5EF0-44D2-9B1F-96251BEEA2D6}.Release|x64.Build.0 = Release|x64
		{44EE5208-5EF0-44D2-9B1F-96251BEEA2D6}.Release|x86.ActiveCfg = Release|Win32
		{44EE5208-5EF0-44D2-9B1F-96251BEEA2D6}.Release|x86.Build.0 = Release|Win32
		{560D1B57-FB3A-49E5-9A44-270DBCD2A795}.Debug|x64.ActiveCfg = Debug|x64
		{560D1B57-FB3A-49E5-9A44-270DBCD2A795}.Debug|x64.Build.0 = Debug|x64
		{560D1B57-FB3A-49E5-9A44-270DBCD2A795}.Debug|x86.ActiveCfg = Debug|Win32
		{560D1B57-FB3A-49E5-9A44-270DBCD2A795}.Debug|x86.Build.0 = Debug|Win32
		{560D1B57-FB3A-49E5-9A44-270DBCD2A795}.Release|x64.ActiveCfg = Release|x64
		{560D1B57-FB3A-49E5-9A44-270DBCD2A795}.Release|x64.Build.0 = Release|x64
		{560D1B57-FB3A-49E5-9A44-270DBCD2A795}.Release|x86.ActiveCfg = Release|Win32
		{560D1B57-FB3A-49E5-9A44-270DBCD2A795}.Release|x86.Build.0 = Release|Win32
		{D8B27C60-BF65-4DB6-8B3A-46F3C0E80BC2}.Debug|x64.ActiveCfg = Debug|x64
		{D8B27C60-BF65-4DB6-8B3A-46F3C0E80BC2}.Debug|x64.Build.0 = Debug|x64
		{D8B27C60-BF65-4DB6-8B3A-46F3C0E80BC2}.Debug|x86.ActiveCfg = Debug|Win32
		{D8B27C60-BF65-4DB6-8B3A-46F3C0E80BC2}.Debug|x86.Build.0 = Debug|Win32
		{D8B27C60-BF65-4DB6-8B3A-46F3C0E80BC2}.Release|x64.ActiveCfg = Release|x64
		{D8B27C60-BF65-4DB6-8B3A-46F3C0E80BC2}.Release|x64.Build.0 = Release|x64
		{D8B27C60-BF65-4DB6-8B3A-46F3C0E80BC2}.Release|x86.ActiveCfg = Release|Win32
		{D8B27C60-BF65-4DB6-8B3A-46F3C0E80BC2}.Release|x86.Build.0 = Release|Win32
		{1608417B-6EBF-46FC-9198-4DED79D456AE}.Debug|x64.ActiveCfg = Debug|x64
		{1608417B-6EBF-46FC-9198-4DED79D456AE}.Debug|x64.Build.0 = Debug|x64
		{1608417B-6EBF-46FC-9198-4DED79D456AE}.Debug|x86.ActiveCfg = Debug|Win32
		{1608417B-6EBF-46FC-9198-4DED79D456AE}.Debug|x86.Build.0 = Debug|Win32
		{1608417B-6EBF-46FC-9198-4DED79D456AE}.Release|x64.ActiveCfg = Release|x64
		{1608417B-6EBF-46FC-9198-4DED79D456AE}.Release|x64.Build.0 = Release|x64
		{1608417B-6EBF-46FC-9198-4DED79D456AE}.Release|x86.ActiveCfg = Release|Win32
		{1608417B-6EBF-46FC-9198-4DED79D456AE}.Release|x86.Build.0 = Release|Win32
		{5DFFE1EB-B688-4D0F-97D7-44709FDB110F}.Debug|x64.ActiveCfg = Debug|x64
		{5DFFE1EB-B688-4D0F-97D7-44709FDB110F}.Debug|x64.Build.0 = Debug|x64
		{5DFFE1EB-B688-4D0F-97D7-44709FDB110F}.Debug|x86.ActiveCfg = Debug|Win32
		{5DFFE1EB-B688-4D0F-97D7-44709FDB110F}.Debug|x86.Build.0 = Debug|Win32
		{5DFFE1EB-B688-4D0F-97D7-44709FDB110F}.Release|x64.ActiveCfg = Release|x64
		{5DFFE1EB-B688-4D0F-97D7-44709FDB110F}.Release|x64.Build.0 = Release|x64
		{5DFFE1EB-B688-4D0F-97D7-44709FDB110F}.Release|x86.ActiveCfg = Release|Win32
		{5DFFE1EB-B688-4D0F-97D7-44709FDB110F}.Release|x86.Build.0 = Release|Win32
		{182315AB-AEFF-4346-9FD3-1C32C2ABA364}.Debug|x64.ActiveCfg = Debug|x64
		{182315AB-AEFF-4346-9FD3-1C32C2ABA364}.Debug|x64.Build.0 = Debug|x64
		{182315AB-AEFF-4346-9FD3-1C32C2ABA364}.Debug|x86.ActiveCfg = Debug|Win32
		{182315AB-AEFF-4346-9FD3-1C32C2ABA364}.Debug|x86.Build.0 = Debug|Win32
		{182315AB-AEFF-4346-9FD3-1C32C2ABA364}.Release|x64.ActiveCfg = Release|x64
		{182315AB-AEFF-4346-9FD3-1C32C2ABA364}.Release|x64.Build.0 = Release|x64
		{182315AB-AEFF-4346-9FD3-1C32C2ABA364}.Release|x86.ActiveCfg = Release|Win32
		{182315AB-AEFF-4346-9FD3-1C32C2ABA364}.Release|x86.Build.0 = Release|Win32
		{E5A0C2CA-65BE-4B30-B634-D11FCDB96D06}.Debug|x64.ActiveCfg = Debug|x64
		{E5A0C2CA-65BE-4B30-B634-D11FCDB96D06}.Debug|x64.Build.0 = Debug|x64
		{E5A0C2CA-65BE-4B30-B634-D11FCDB96D06}.Debug|x86.ActiveCfg = Debug|Win32
		{E5A0C2CA-65BE-4B30-B634-D11FCDB96D06}.Debug|x86.Build.0 = Debug|Win32
		{E5A0C2CA-65BE-4B30-B634-D11FCDB96D06}.Release|x64.ActiveCfg = Release|x64
		{E5A0C2CA-65BE-4B30-B634-D11FCDB96D06}.Release|x64.Build.0 = Release|x64
		{E5A0C2CA-65BE-4B30-B634-D11FCDB96D06}.Release|x86.ActiveCfg = Release|Win32
		{E5A0C2CA-65BE-4B30-B634-D11FCDB96D06}.Release|x86.Build.0 = Release|Win32
		{E5C3422A-E162-440F-AB35-E4F32C585CD9}.Debug|x64.ActiveCfg = Debug|x64
		{E5C3422A-E162-440F-AB35-E4F32C585CD9}.Debug|x64.Build.0 = Debug|x64
		{E5C3422A-E162-440F-AB35-E4F32C585CD9}.Debug|x86.ActiveCfg = Debug|Win32
		{E5C3422A-E162-440F-AB35-E4F32C585CD9}.Debug|x86.Build.0 = Debug|Win32
		{E5C3422A-E162-440F-AB35-E4F32C585CD9}.Release|x64.ActiveCfg = Release|x64
		{E5C3422A-E162-440F-AB35-E4F32C585CD9}.Release|x64.Build.0 = Release|x64
		{E5C3422A-E162-440F-AB35-E4F32C585CD9}.Release|x86.ActiveCfg = Release|Win32
		{E5C3422A-E162-440F-AB35-E4F32C585CD9}.Release|x86.Build.0 = Release|Win32
		{5A94A710-5B1D-4EA2-B7D9-446A93098B13}.Debug|x64.ActiveCfg = Debug|x64
		{5A94A710-5B1D-4EA2-B7D9-446A93098B13}.Debug|x64.Build.0 = Debug|x64
		{5A94A710-5B1D-4EA2-B7D9-446A93098B13}.Debug|x86.ActiveCfg = Debug|Win32
		{5A94A710-5B1D-4EA2-B7D9-446A93098B13}.Debug|x86.Build.0 = Debug|Win32
		{5A94A710-5B1D-4EA2-B7D9-446A93098B13}.Release|x64.ActiveCfg = Release|x64
		{5A94A710-5B1D-4EA2-B7D9-446A93098B13}.Release|x64.Build.0 = Release|x64
		{5A94A710-5B1D-4EA2-B7D9-446A93098B13}.Release|x86.ActiveCfg = Release|Win32
		{5A94A710-5B1D-4EA2-B7D9-446A93098B13}.Release|x86.Build.0 = Release|Win32
		{020ED4C8-DB3A-47BC-BC17-98E23C2AD862}.Debug|x64.ActiveCfg = Debug|x64
		{020ED4C8-DB3A-47BC-BC17-98E23C2AD862}.Debug|x64.Build.0 = Debug|x64
		{020ED4C8-DB3A-47BC-BC17-98E23C2AD862}.Debug|x86.ActiveCfg = Debug|Win32
		{020ED4C8-DB3A-47BC-BC17-98E23C2AD862}.Debug|x86.Build.0 = Debug|Win32
		{020ED4C8-DB3A-47BC-BC17-98E23C2AD862}.Release|x64.ActiveCfg = Release|x64
		{020ED4C8-DB3A-47BC-BC17-98E23C2AD862}.Release|x64.Build.0 = Release|x64
		{020ED4C8-DB3A-47BC-BC17-98E23C2AD862}.Release|x86.ActiveCfg = Release|Win32
		{020ED4C8-DB3A-47BC-BC17-98E23C2AD862}.Release|x86.Build.0 = Release|Win32
		{9E1977DD-873E-44DC-B6CD-FFD537A6C480}.Debug|x64.ActiveCfg = Debug|x64
		{9E1977DD-873E-44DC-B6CD-FFD537A6C480}.Debug|x64.Build.0 = Debug|x64
		{9E1977DD-873E-44DC-B6CD-FFD537A6C480}.Debug|x86.ActiveCfg = Debug|Win32
		{9E1977DD-873E-44DC-B6CD-FFD537A6C480}.Debug|x86.Build.0 = Debug|Win32
		{9E1977DD-873E-44DC-B6CD-FFD537A6C480}.Release|x64.ActiveCfg = Release|x64
		{9E1977DD-873E-44DC-B6CD-FFD537A6C480}.Release|x64.Build.0 = Release|x64
		{9E1977DD-873E-44DC-B6CD-FFD537A6C480}.Release|x86.ActiveCfg = Release|Win32
		{9E1977DD-873E-44DC-B6CD-FFD537A6C480}.Release|x86.Build.0 = Release|Win32
		{DAAC15FE-C43A-43CE-A1F2-A525E25B9CB1}.Debug|x64.ActiveCfg = Debug|x64
		{DAAC15FE-C43A-43CE-A1F2-A525E25B9CB1}.Debug|x64.Build.0 = Debug|x64
		{DAAC15FE-C43A-43CE-A1F2-A525E25B9CB1}.Debug|x86.ActiveCfg = Debug|Win32
		{DAAC15FE-C43A-43CE-A1F2-A525E25B9CB1}.Debug|x86.Build.0 = Debug|Win32
		{DAAC15FE-C43A-43CE-A1F2-A525E25B9CB1}.Release|x64.ActiveCfg = Release|x64
		{DAAC15FE-C43A-43CE-A1F2-A525E25B9CB1}.Release|x64.Build.0 = Release|x64
		{DAAC15FE-C43A-43CE-A1F2-A525E25B9CB1}.Release|x86.ActiveCfg = Release|Win32
		{DAAC15FE-C43A-43CE-A1F2-A525E25B9CB1}.Release|x86.Build.0 = Release|Win32
		{629D1FA5-EB07-4D23-933C-568284250B87}.Debug|x64.ActiveCfg = Debug|x64
		{629D1FA5-EB07-4D23-933C-568284250B87}.Debug|x64.Build.0 = Debug|x64
		{629D1FA5-EB07-4D23-933C-568284250B87}.Debug|x86.ActiveCfg = Debug|Win32
		{629D1FA5-EB07-4D23-933C-568284250B87}.Debug|x86.Build.0 = Debug|Win32
		{629D1FA5-EB07-4D23-933C-568284250B87}.Release|x64.ActiveCfg = Release|x64
		{629D1FA5-EB07-4D23-933C-568284250B87}.Release|x64.Build.0 = Release|x64
		{629D1FA5-EB07-4D23-933C-568284250B87}.Release|x86.ActiveCfg = Release|Win32
		{629D1FA5-EB07-4D23-933C-568284250B87}.Release|x86.Build.0 = Release|Win32
		{EA2D5FE1-7F83-42E4-969F-D2B184CBCA0C}.Debug|x64.ActiveCfg = Debug|x64
		{EA2D5FE1-7F83-42E4-969F-D2B184CBCA0C}.Debug|x64.Build.0 = Debug|x64
		{EA2D5FE1-7F83-42E4-969F-D2B184CBCA0C}.Debug|x86.ActiveCfg = Debug|Win32
		{EA2D5FE1-7F83-42E4-969F-D2B184CBCA0C}.Debug|x86.Build.0 = Debug|Win32
		{EA2D5FE1-7F83-42E4-969F-D2B184CBCA0C}.Release|x64.ActiveCfg = Release|x64
		{EA2D5FE1-7F83-42E4-969F-D2B184CBCA0C}.Release|x64.Build.0 = Release|x64
		{EA2D5FE1-7F83-42E4-969F-D2B184CBCA0C}.Release|x86.ActiveCfg = Release|Win32
		{EA2D5FE1-7F83-42E4-969F-D2B184CBCA0C}.Release|x86.Build.0 = Release|Win32
		{0F85F507-5937-44B1-A312-2C8CCF7B10DE}.Debug|x64.ActiveCfg = Debug|x64
		{0F85F507-5937-44B1-A312-2C8CCF7B10DE}.Debug|x64.Build.0 = Debug|x64
		{0F85F507-5937-44B1-A312-2C8CCF7B10DE}.Debug|x86.ActiveCfg = Debug|Win32
		{0F85F507-5937-44B1-A312-2C8CCF7B10DE}.Debug|x86.Build.0 = Debug|Win32
		{0F85F507-5937-44B1-A312-2C8CCF7B10DE}.Release|x64.ActiveCfg = Release|x64
		{0F85F507-5937-44B1-A312-2C8CCF7B10DE}.Release|x64.Build.0 = Release|x64
		{0F85F507-5937-44B1-A312-2C8CCF7B10DE}.Release|x86.ActiveCfg = Release|Win32
		{0F85F507-5937-44B1-A312-2C8CCF7B10DE}.Release|x86.Build.0 = Release|Win32
		{1ED5A01C-0262-4E05-8B95-0EA0577A9F87}.Debug|x64.ActiveCfg = Debug|x64
		{1ED5A01C-0262-4E05-8B95-0EA0577A9F87}.Debug|x64.Build.0 = Debug|x64
		{1ED5A01C-0262-4E05-8B95-0EA0577A9F87}.Debug|x86.ActiveCfg = Debug|Win32
		{1ED5A01C-0262-4E05-8B95-0EA0577A9F87}.Debug|x86.Build.0 = Debug|Win32
		{1ED5A01C-0262-4E05-8B95-0EA0577A9F87}.Release|x64.ActiveCfg = Release|x64
		{1ED5A01C-0262-4E05-8B95-0EA0577A9F87}.Release|x64.Build.0 = Release|x64
		{1ED5A01C-0262-4E05-8B95-0EA0577A9F87}.Release|x86.ActiveCfg = Release|Win32
		{1ED5A01C-0262-4E05-8B95-0EA0577A9F87}.Release|x86.Build.0 = Release|Win32
		{4D76D4BD-834D-4D77-BB71-984D2D27C087}.Debug|x64.ActiveCfg = Debug|x64
		{4D76D4BD-834D-4D77-BB71-984D2D27C087}.Debug|x64.Build.0 = Debug|x64
		{4D76D4BD-834D-4D77-BB71-984D2D27C087}.Debug|x86.ActiveCfg = Debug|Win32
		{4D76D4BD-834D-4D77-BB71-984D2D27C087}.Debug|x86.Build.0 = Debug|Win32
		{4D76D4BD-834D-4D77-BB71-984D2D27C087}.Release|x64.ActiveCfg = Release|x64
		{4D76D4BD-834D-4D77-BB71-984D2D27C087}.Release|x64.Build.0 = Release|x64
		{4D76D4BD-834D-4D77-BB71-984D2D27C087}.Release|x86.ActiveCfg = Release|Win32
		{4D76D4BD-834D-4D77-BB71-984D2D27C087}.Release|x86.Build.0 = Release|Win32
		{7FB123BA-4497-4E7E-ABFC-BD8CB9C331BE}.Debug|x64.ActiveCfg = Debug|x64
		{7FB123BA-4497-4E7E-ABFC-BD8CB9C331BE}.Debug|x64.Build.0 = Debug|x64
		{7FB123BA-4497-4E7E-ABFC-BD8CB9C331BE}.Debug|x86.ActiveCfg = Debug|Win32
		{7FB123BA-4497-4E7E-ABFC-BD8CB9C331BE}.Debug|x86.Build.0 = Debug|Win32
		{7FB123BA-4497-4E7E-ABFC-BD8CB9C331BE}.Release|x64.ActiveCfg = Release|x64
		{7FB123BA-4497-4E7E-ABFC-BD8CB9C331BE}.Release|x64.Build.0 = Release|x64
		{7FB123BA-4497-4E7E-ABFC-BD8CB9C331BE}.Release|x86.ActiveCfg = Release|Win32
		{7FB123BA-4497-4E7E-ABFC-BD8CB9C331BE}.Release|x86.Build.0 = Release|Win32
		{9BDCA20B-00CB-46AF-AFF4-B37FFCBE2B58}.Debug|x64.ActiveCfg = Debug|x64
		{9BDCA20B-00CB-46AF-AFF4-B37FFCBE2B58}.Debug|x64.Build.0 = Debug|x64
		{9BDCA20B-00CB-46AF-AFF4-B37FFCBE2B58}.Debug|x86.ActiveCfg = Debug|Win32
		{9BDCA20B-00CB-46AF-AFF4-B37FFCBE2B58}.Debug|x86.Build.0 = Debug|Win32
		{9BDCA20B-00CB-46AF-AFF4-B37FFCBE2B58}.Release|x64.ActiveCfg = Release|x64
		{9BDCA20B-00CB-46AF-AFF4-B37FFCBE2B58}.Release|x64.Build.0 = Release|x64
		{9BDCA20B-00CB-46AF-AFF4-B37FFCBE2B58}.Release|x86.ActiveCfg = Release|Win32
		{9BDCA20B-00CB-46AF-AFF4-B37FFCBE2B58}.Release|x86.Build.0 = Release|Win32
		{33528AD9-15F7-412D-82C2-7645772BC0D7}.Debug|x64.ActiveCfg = Debug|x64
		{33528AD9-15F7-412D-82C2-7645772BC0D7}.Debug|x64.Build.0 = Debug|x64
		{33528AD9-15F7-412D-82C2-7645772BC0D7}.Debug|x86.ActiveCfg = Debug|Win32
		{33528AD9-15F7-412D-82C2-7645772BC0D7}.Debug|x86.Build.0 = Debug|Win32
		{33528AD9-15F7-412D-82C2-7645772BC0D7}.Release|x64.ActiveCfg = Release|x64
		{33528AD9-15F7-412D-82C2-7645772BC0D7}.Release|x64.Build.0 = Release|x64
		{33528AD9-15F7-412D-82C2-7645772BC0D7}.Release|x86.ActiveCfg = Release|Win32
		{33528AD9-15F7-412D-82C2-7645772BC0D7}.Release|x86.Build.0 = Release|Win32
		{36E9E904-EB9F-452B-A183-6E64A9A8056D}.Debug|x64.ActiveCfg = Debug|x64
		{36E9E904-EB9F-452B-A183-6E64A9A8056D}.Debug|x64.Build.0 = Debug|x64
		{36E9E904-EB9F-452B-A183-6E64A9A8056D}.Debug|x86.ActiveCfg = Debug|Win32
		{36E9E904-EB9F-452B-A183-6E64A9A8056D}.Debug|x86.Build.0 = Debug|Win32
		{36E9E904-EB9F-452B-A183-6E64A9A8056D}.Release|x64.ActiveCfg = Release|x64
		{36E9E904-EB9F-452B-A183-6E64A9A8056D}.Release|x64.Build.0 = Release|x64
		{36E9E904-EB9F-452B-A183-6E64A9A8056D}.Release|x86.ActiveCfg = Release|Win32
		{36E9E904-EB9F-452B-A183-6E64A9A8056D}.Release|x86.Build.0 = Release|Win32
		{2BFFD856-023A-4D94-8CF2-492F5757D4D3}.Debug|x64.ActiveCfg = Debug|x64
		{2BFFD856-023A-4D94-8CF2-492F5757D4D3}.Debug|x64.Build.0 = Debug|x64
		{2BFFD856-023A-4D94-8CF2-492F5757D4D3}.Debug|x86.ActiveCfg = Debug|Win32
		{2BFFD856-023A-4D94-8CF2-492F5757D4D3}.Debug|x86.Build.0 = Debug|Win32
		{2BFFD856-023A-4D94-8CF2-492F5757D4D3}.Release|x64.ActiveCfg = Release|x64
		{2BFFD856-023A-4D94-8CF2-492F5757D4D3}.Release|x64.Build.0 = Release|x64
		{2BFFD856-023A-4D94-8CF2-492F5757D4D3}.Release|x86.ActiveCfg = Release|Win32
		{2BFFD856-023A-4D94-8CF2-492F5757D4D3}.Release|x86.Build.0 = Release|Win32
		{51109937-42EA-475A-8B58-C3865DAD5AC3}.Debug|x64.ActiveCfg = Debug|x64
		{51109937-42EA-475A-8B58-C3865DAD5AC3}.Debug|x64.Build.0 = Debug|x64
		{51109937-42EA-475A-8B58-C3865DAD5AC3}.Debug|x86.ActiveCfg = Debug|Win32
		{51109937-42EA-475A-8B58-C3865DAD5AC3}.Debug|x86.Build.0 = Debug|Win32
		{51109937-42EA-475A-8B58-C3865DAD5AC3}.Release|x64.ActiveCfg = Release|x64
		{51109937-42EA-475A-8B58-C3865DAD5AC3}.Release|x64.Build.0 = Release|x64
		{51109937-42EA-475A-8B58-C3865DAD5AC3}.Release|x86.ActiveCfg = Release|Win32
		{51109937-42EA-475A-8B58-C3865DAD5AC3}.Release|x86.Build.0 = Release|Win32
		{2A64A936-44D2-462A-A098-DB36C1D71DEF}.Debug|x64.ActiveCfg = Debug|x64
		{2A64A936-44D2-462A-A098-DB36C1D71DEF}.Debug|x64.Build.0 = Debug|x64
		{2A64A936-44D2-462A-A098-DB36C1D71DEF}.Debug|x86.ActiveCfg = Debug|Win32
		{2A64A936-44D2-462A-A098-DB36C1D71DEF}.Debug|x86.Build.0 = Debug|Win32
		{2A64A936-44D2-462A-A098-DB36C1D71DEF}.Release|x64.ActiveCfg = Release|x64
		{2A64A936-44D2-462A-A098-DB36C1D71DEF}.Release|x64.Build.0 = Release|x64
		{2A64A936-44D2-462A-A098-DB36C1D71DEF}.Release|x86.ActiveCfg = Release|Win32
		{2A64A936-44D2-462A-A098-DB36C1D71DEF}.Release|x86.Build.0 = Release|Win32
		{FC6E0E7E-2D14-414F-86A5-FA8111D5B1A3}.Debug|x64.ActiveCfg = Debug|x64
		{FC6E0E7E-2D14-414F-86A5-FA8111D5B1A3}.Debug|x64.Build.0 = Debug|x64
		{FC6E0E7E-2D14-414F-86A5-FA8111D5B1A3}.Debug|x86.ActiveCfg = Debug|Win32
		{FC6E0E7E-2D14-414F-86A5-FA8111D5B1A3}.Debug|x86.Build.0 = Debug|Win32
		{FC6E0E7E-2D14-414F-86A5-FA8111D5B1A3}.Release|x64.ActiveCfg = Release|x64
		{FC6E0E7E-2D14-414F-86A5-FA8111D5B1A3}.Release|x64.Build.0 = Release|x64
		{FC6E0E7E-2D14-414F-86A5-FA8111D5B1A3}.Release|x86.ActiveCfg = Release|Win32
		{FC6E0E7E-2D14-414F-86A5-FA8111D5B1A3}.Release|x86.Build.0 = Release|Win32
		{27CB1E54-30C0-427A-A7AD-9107EBD959CA}.Debug|x64.ActiveCfg = Debug|x64
		{27CB1E54-30C0-427A-A7AD-9107EBD959CA}.Debug|x64.Build.0 = Debug|x64
		{27CB1E54-30C0-427A-A7AD-9107EBD959CA}.Debug|x86.ActiveCfg = Debug|Win32
		{27CB1E54-30C0-427A-A7AD-9107EBD959CA}.Debug|x86.Build.0 = Debug|Win32
		{27CB1E54-30C0-427A-A7AD-9107EBD959CA}.Release|x64.ActiveCfg = Release|x64
		{27CB1E54-30C0-427A-A7AD-9107EBD959CA}.Release|x64.Build.0 = Release|x64
		{27CB1E54-30C0-427A-A7AD-9107EBD959CA}.Release|x86.ActiveCfg = Release|Win32
		{27CB1E54-30C0-427A-A7AD-9107EBD959CA}.Release|x86.Build.0 = Release|Win32
		{C5E8D470-AC4B-46A3-8B53-26DEF2444009}.Debug|x64.ActiveCfg = Debug|x64
		{C5E8D470-AC4B-46A3-8B53-26DEF2444009}.Debug|x64.Build.0 = Debug|x64
		{C5E8D470-AC4B-46A3-8B53-26DEF2444009}.Debug|x86.ActiveCfg = Debug|Win32
		{C5E8D470-AC4B-46A3-8B53-26DEF2444009}.Debug|x86.Build.0 = Debug|Win32
		{C5E8D470-AC4B-46A3-8B53-26DEF2444009}.Release|x64.ActiveCfg = Release|x64
		{C5E8D470-AC4B-46A3-8B53-26DEF2444009}.Release|x64.Build.0 = Release|x64
		{C5E8D470-AC4B-46A3-8B53-26DEF2444009}.Release|x86.ActiveCfg = Release|Win32
		{C5E8D470-AC4B-46A3-8B53-26DEF2444009}.Release|x86.Build.0 = Release|Win32
		{0841B420-87AE-4327-8B3A-5A00BF6ACA6C}.Debug|x64.ActiveCfg = Debug|x64
		{0841B420-87AE-4327-8B3A-5A00BF6ACA6C}.Debug|x64.Build.0 = Debug|x64
		{0841B420-87AE-4327-8B3A-5A00BF6ACA6C}.Debug|x86.ActiveCfg = Debug|Win32
		{0841B420-87AE-4327-8B3A-5A00BF6ACA6C}.Debug|x86.Build.0 = Debug|Win32
		{0841B420-87AE-4327-8B3A-5A00BF6ACA6C}.Release|x64.ActiveCfg = Release|x64
		{0841B420-87AE-4327-8B3A-5A00BF6ACA6C}.Release|x64.Build.0 = Release|x64
		{0841B420-87AE-4327-8B3A-5A00BF6ACA6C}.Release|x86.ActiveCfg = Release|Win32
		{0841B420-87AE-4327-8B3A-5A00BF6ACA6C}.Release|x86.Build.0 = Release|Win32
		{BC96E341-0ECB-4A85-B14C-3A4888767B4E}.Debug|x64.ActiveCfg = Debug|x64
		{BC96E341-0ECB-4A85-B14C-3A4888767B4E}.Debug|x64.Build.0 = Debug|x64
		{BC96E341-0ECB-4A85-B14C-3A4888767B4E}.Debug|x86.ActiveCfg = Debug|Win32
		{BC96E341-0ECB-4A85-B14C-3A4888767B4E}.Debug|x86.Build.0 = Debug|Win32
		{BC96E341-0ECB-4A85-B14C-3A4888767B4E}.Release|x64.ActiveCfg = Release|x64
		{BC96E341-0ECB-4A85-B14C-3A4888767B4E}.Release|x64.Build.0 = Release|x64
		{BC96E341-0ECB-4A85-B14C-3A4888767B4E}.Release|x86.ActiveCfg = Release|Win32
		{BC96E341-0ECB-4A85-B14C-3A4888767B4E}.Release|x86.Build.0 = Release|Win32
		{69C1D135-6EF3-4FF4-9171-C85A2D7190A1}.Debug|x64.ActiveCfg = Debug|x64
		{69C1D135-6EF3-4FF4-9171-C85A2D7190A1}.Debug|x64.Build.0 = Debug|x64
		{69C1D135-6EF3-4FF4-9171-C85A2D7190A1}.Debug|x86.ActiveCfg = Debug|Win32
		{69C1D135-6EF3-4FF4-9171-C85A2D7190A1}.Debug|x86.Build.0 = Debug|Win32
		{69C1D135-6EF3-4FF4-9171-C85A2D7190A1}.Release|x64.ActiveCfg = Release|x64
		{69C1D135-6EF3-4FF4-9171-C85A2D7190A1}.Release|x64.Build.0 = Release|x64
		{69C1D135-6EF3-4FF4-9171-C85A2D7190A1}.Release|x86.ActiveCfg = Release|Win32
		{69C1D135-6EF3-4FF4-9171-C85A2D7190A1}.Release|x86.Build.0 = Release|Win32
		{2679EB7B-BA39-4275-AB59-7F5105C40D8A}.Debug|x64.ActiveCfg = Debug|x64
		{2679EB7B-BA39-4275-AB59-7F5105C40D8A}.Debug|x64.Build.0 = Debug|x64
		{2679EB7B-BA39-4275-AB59-7F5105C40D8A}.Debug|x86.ActiveCfg = Debug|Win32
		{2679EB7B-BA39-4275-AB59-7F5105C40D8A}.Debug|x86.Build.0 = Debug|Win32
		{2679EB7B-BA39-4275-AB59-7F5105C40D8A}.Release|x64.ActiveCfg = Release|x64
		{2679EB7B-BA39-4275-AB59-7F5105C40D8A}.Release|x64.Build.0 = Release|x64
		{2679EB7B-BA39-4275-AB59-7F5105C40D8A}.Release|x86.ActiveCfg = Release|Win32
		{2679EB7B-BA39-4275-AB59-7F5105C40D8A}.Release|x86.Build.0 = Release|Win32
		{CCF2CFBE-0593-46CC-948A-FDCCB4C34824}.Debug|x64.ActiveCfg = Debug|x64
		{CCF2CFBE-0593-46CC-948A-FDCCB4C34824}.Debug|x64.Build.0 = Debug|x64
		{CCF2CFBE-0593-46CC-948A-FDCCB4C34824}.Debug|x86.ActiveCfg = Debug|Win32
		{CCF2CFBE-0593-46CC-948A-FDCCB4C34824}.Debug|x86.Build.0 = Debug|Win32
		{CCF2CFBE-0593-46CC-948A-FDCCB4C34824}.Release|x64.ActiveCfg = Release|x64
		{CCF2CFBE-0593-46CC-948A-FDCCB4C34824}.Release|x64.Build.0 = Release|x64
		{CCF2CFBE-0593-46CC-948A-FDCCB4C34824}.Release|x86.ActiveCfg = Release|Win32
		{CCF2CFBE-0593-46CC-948A-FDCCB4C34824}.Release|x86.Build.0 = Release|Win32
		{9E5C563F-9282-48B6-995A-E4532472AA0F}.Debug|x64.ActiveCfg = Debug|x64
		{9E5C563F-9282-48B6-995A-E4532472AA0F}.Debug|x64.Build.0 = Debug|x64
		{9E5C563F-9282-48B6-995A-E4532472AA0F}.Debug|x86.ActiveCfg = Debug|Win32
		{9E5C563F-9282-48B6-995A-E4532472AA0F}.Debug|x86.Build.0 = Debug|Win32
		{9E5C563F-9282-48B6-995A-E4532472AA0F}.Release|x64.ActiveCfg = Release|x64
		{9E5C563F-9282-48B6-995A-E4532472AA0F}.Release|x64.Build.0 = Release|x64
		{9E5C563F-9282-48B6-995A-E4532472AA0F}.Release|x86.ActiveCfg = Release|Win32
		{9E5C563F-9282-48B6-995A-E4532472AA0F}.Release|x86.Build.0 = Release|Win32
		{FD712DC3-65CE-409B-B7EB-3A17A2A9478C}.Debug|x64.ActiveCfg = Debug|x64
		{FD712DC3-65CE-409B-B7EB-3A17A2A9478C}.Debug|x64.Build.0 = Debug|x64
		{FD712DC3-65CE-409B-B7EB-3A17A2A9478C}.Debug|x86.ActiveCfg = Debug|Win32
		{FD712DC3-65CE-409B-B7EB-3A17A2A9478C}.Debug|x86.Build.0 = Debug|Win32
		{FD712DC3-65CE-409B-B7EB-3A17A2A9478C}.Release|x64.ActiveCfg = Release|x64
		{FD712DC3-65CE-409B-B7EB-3A17A2A9478C}.Release|x64.Build.0 = Release|x64
		{FD712DC3-65CE-409B-B7EB-3A17A2A9478C}.Release|x86.ActiveCfg = Release|Win32
		{FD712DC3-65CE-409B-B7EB-3A17A2A9478C}.Release|x86.Build.0 = Release|Win32
		{2A0ACB01-2671-49A9-B4B4-5C616B56ACA8}.Debug|x64.ActiveCfg = Debug|x64
		{2A0ACB01-2671-49A9-B4B4-5C616B56ACA8}.Debug|x64.Build.0 = Debug|x64
		{2A0ACB01-2671-49A9-B4B4-5C616B56ACA8}.Debug|x86.ActiveCfg = Debug|Win32
		{2A0ACB01-2671-49A9-B4B4-5C616B56ACA8}.Debug|x86.Build.0 = Debug|Win32
		{2A0ACB01-2671-49A9-B4B4-5C616B56ACA8}.Release|x64.ActiveCfg = Release|x64
		{2A0ACB01-2671-49A9-B4B4-5C616B56ACA8}.Release|x64.Build.0 = Release|x64
		{2A0ACB01-2671-49A9-B4B4-5C616B56ACA8}.Release|x86.ActiveCfg = Release|Win32
		{2A0ACB01-2671-49A9-B4B4-5C616B56ACA8}.Release|x86.Build.0 = Release|Win32
		{D30C4020-CF0A-4E95-BB6A-69DFB3CC21A0}.Debug|x64.ActiveCfg = Debug|x64
		{D30C4020-CF0A-4E95-BB6A-69DFB3CC21A0}.Debug|x64.Build.0 = Debug|x64
		{D30C4020-CF0A-4E95-BB6A-69DFB3CC21A0}.Debug|x86.ActiveCfg = Debug|Win32
		{D30C4020-CF0A-4E95-BB6A-69DFB3CC21A0}.Debug|x86.Build.0 = Debug|Win32
		{D30C4020-CF0A-4E95-BB6A-69DFB3CC21A0}.Release|x64.ActiveCfg = Release|x64
		{D30C4020-CF0A-4E95-BB6A-69DFB3CC21A0}.Release|x64.Build.0 = Release|x64
		{D30C4020-CF0A-4E95-BB6A-69DFB3CC21A0}.Release|x86.ActiveCfg = Release|Win32
		{D30C4020-CF0A-4E95-BB6A-69DFB3CC21A0}.Release|x86.Build.0 = Release|Win32
		{3CFDBB1A-8F1B-489C-AA9C-0B1AFF26A6A3}.Debug|x64.ActiveCfg = Debug|x64
		{3CFDBB1A-8F1B-489C-AA9C-0B1AFF26A6A3}.Debug|x64.Build.0 = Debug|x64
		{3CFDBB1A-8F1B-489C-AA9C-0B1AFF26A6A3}.Debug|x86.ActiveCfg = Debug|Win32
		{3CFDBB1A-8F1B-489C-AA9C-0B1AFF26A6A3}.Debug|x86.Build.0 = Debug|Win32
		{3CFDBB1A-8F1B-489C-AA9C-0B1AFF26A6A3}.Release|x64.ActiveCfg = Release|x64
		{3CFDBB1A-8F1B-489C-AA9C-0B1AFF26A6A3}.Release|x64.Build.0 = Release|x64
		{3CFDBB1A-8F1B-489C-AA9C-0B1AFF26A6A3}.Release|x86.ActiveCfg = Release|Win32
		{3CFDBB1A-8F1B-489C-AA9C-0B1AFF26A6A3}.Release|x86.Build.0 = Release|Win32
	EndGlobalSection
	GlobalSection(SolutionProperties) = preSolution
		HideSolutionNode = FALSE
	EndGlobalSection
	GlobalSection(ExtensibilityGlobals) = postSolution
		SolutionGuid = {9728F017-51E5-4D72-AAB6-47B15A356A19}
	EndGlobalSection
EndGlobal
