
Microsoft Visual Studio Solution File, Format Version 12.00
# Visual Studio Version 17
VisualStudioVersion = 17.7.34031.279
MinimumVisualStudioVersion = 10.0.40219.1
Project("{8BC9CEB8-8B4A-11D0-8D11-00A0C91BC942}") = "Bai001", "Bai001\Bai001.vcxproj", "{43315E17-D18D-4D83-BE40-0B1830899560}"
EndProject
Project("{8BC9CEB8-8B4A-11D0-8D11-00A0C91BC942}") = "Bai005", "Bai005\Bai005.vcxproj", "{B4D9B50B-2875-4347-AF5F-6605E0A1BDE9}"
EndProject
Project("{8BC9CEB8-8B4A-11D0-8D11-00A0C91BC942}") = "Bai009", "Bai009\Bai009.vcxproj", "{8848C780-B215-481F-9CF1-C1FAD65AD9F0}"
EndProject
Project("{8BC9CEB8-8B4A-11D0-8D11-00A0C91BC942}") = "Bai013", "Bai013\Bai013.vcxproj", "{226E1661-08B9-4705-B5F9-0F359E147D67}"
EndProject
Project("{8BC9CEB8-8B4A-11D0-8D11-00A0C91BC942}") = "Bai017", "Bai017\Bai017.vcxproj", "{384BAAA1-EFF3-4F7B-AB0E-B4E9ADE29EB2}"
EndProject
Project("{8BC9CEB8-8B4A-11D0-8D11-00A0C91BC942}") = "Bai021", "Bai021\Bai021.vcxproj", "{41A56450-5BB4-4EA8-AD3B-46A65A216BBB}"
EndProject
Project("{8BC9CEB8-8B4A-11D0-8D11-00A0C91BC942}") = "Bai025", "Bai025\Bai025.vcxproj", "{898B08BC-0D57-4E43-A237-FF8789EA3B2E}"
EndProject
Project("{8BC9CEB8-8B4A-11D0-8D11-00A0C91BC942}") = "Bai029", "Bai029\Bai029.vcxproj", "{E3468C8C-0687-4B38-A741-393A35FA5440}"
EndProject
Project("{8BC9CEB8-8B4A-11D0-8D11-00A0C91BC942}") = "Bai033", "Bai033\Bai033.vcxproj", "{F21CE284-7541-4A3D-A548-29D0B2241FD9}"
EndProject
Project("{8BC9CEB8-8B4A-11D0-8D11-00A0C91BC942}") = "Bai037", "Bai037\Bai037.vcxproj", "{01E00A74-5B58-46BA-8E8D-8A012042C510}"
EndProject
Project("{8BC9CEB8-8B4A-11D0-8D11-00A0C91BC942}") = "Bai041", "Bai041\Bai041.vcxproj", "{993A10A8-2CDB-4607-9B87-94E2BCEB058C}"
EndProject
Project("{8BC9CEB8-8B4A-11D0-8D11-00A0C91BC942}") = "Bai045", "Bai045\Bai045.vcxproj", "{0D87DA0F-FA2B-4F99-BCF3-40CC51C24DBC}"
EndProject
Project("{8BC9CEB8-8B4A-11D0-8D11-00A0C91BC942}") = "Bai049", "Bai049\Bai049.vcxproj", "{D797CADF-35FB-46BF-B57D-48FAEDB3567A}"
EndProject
Project("{8BC9CEB8-8B4A-11D0-8D11-00A0C91BC942}") = "Bai053", "Bai053\Bai053.vcxproj", "{8AB42059-5E39-455E-996F-FCCF7CD332B7}"
EndProject
Project("{8BC9CEB8-8B4A-11D0-8D11-00A0C91BC942}") = "Bai057", "Bai057\Bai057.vcxproj", "{8B38BB5F-78B9-46E5-BDC0-C20091BBC61A}"
EndProject
Project("{8BC9CEB8-8B4A-11D0-8D11-00A0C91BC942}") = "Bai061", "Bai061\Bai061.vcxproj", "{B1322C87-8A43-4242-863C-A808EC3504E2}"
EndProject
Project("{8BC9CEB8-8B4A-11D0-8D11-00A0C91BC942}") = "Bai065", "Bai065\Bai065.vcxproj", "{AC9DEEA6-C108-4423-AC58-6210232314F0}"
EndProject
Project("{8BC9CEB8-8B4A-11D0-8D11-00A0C91BC942}") = "Bai069", "Bai069\Bai069.vcxproj", "{716D397C-11FE-4918-93DE-A7C70B55C46F}"
EndProject
Project("{8BC9CEB8-8B4A-11D0-8D11-00A0C91BC942}") = "Bai073", "Bai073\Bai073.vcxproj", "{CD02B5C0-FC07-4D66-B357-96F858E27A22}"
EndProject
Project("{8BC9CEB8-8B4A-11D0-8D11-00A0C91BC942}") = "Bai077", "Bai077\Bai077.vcxproj", "{D645E650-08B5-4A44-AD8A-0520A88D1660}"
EndProject
Project("{8BC9CEB8-8B4A-11D0-8D11-00A0C91BC942}") = "Bai081", "Bai081\Bai081.vcxproj", "{DE707695-A806-4D17-A47C-19D85AB6F453}"
EndProject
Project("{8BC9CEB8-8B4A-11D0-8D11-00A0C91BC942}") = "Bai085", "Bai085\Bai085.vcxproj", "{014EEC75-30A1-43E5-AE64-FC3CE25BDA47}"
EndProject
Project("{8BC9CEB8-8B4A-11D0-8D11-00A0C91BC942}") = "Bai089", "Bai089\Bai089.vcxproj", "{5F90B18F-7DE6-4246-8FEA-94FA7B87D4C6}"
EndProject
Project("{8BC9CEB8-8B4A-11D0-8D11-00A0C91BC942}") = "Bai093", "Bai093\Bai093.vcxproj", "{C2D6FC24-E2D8-4953-95E3-A7A23A9BE884}"
EndProject
Project("{8BC9CEB8-8B4A-11D0-8D11-00A0C91BC942}") = "Bai097", "Bai097\Bai097.vcxproj", "{1815C764-4527-40F8-8794-14B1EF4243CA}"
EndProject
Project("{8BC9CEB8-8B4A-11D0-8D11-00A0C91BC942}") = "Bai101", "Bai101\Bai101.vcxproj", "{89B43452-178F-4128-87DC-AE6C2AE157A4}"
EndProject
Project("{8BC9CEB8-8B4A-11D0-8D11-00A0C91BC942}") = "Bai105", "Bai105\Bai105.vcxproj", "{344D9DF0-E8C5-4517-BC94-54D9698DDDC4}"
EndProject
Global
	GlobalSection(SolutionConfigurationPlatforms) = preSolution
		Debug|x64 = Debug|x64
		Debug|x86 = Debug|x86
		Release|x64 = Release|x64
		Release|x86 = Release|x86
	EndGlobalSection
	GlobalSection(ProjectConfigurationPlatforms) = postSolution
		{43315E17-D18D-4D83-BE40-0B1830899560}.Debug|x64.ActiveCfg = Debug|x64
		{43315E17-D18D-4D83-BE40-0B1830899560}.Debug|x64.Build.0 = Debug|x64
		{43315E17-D18D-4D83-BE40-0B1830899560}.Debug|x86.ActiveCfg = Debug|Win32
		{43315E17-D18D-4D83-BE40-0B1830899560}.Debug|x86.Build.0 = Debug|Win32
		{43315E17-D18D-4D83-BE40-0B1830899560}.Release|x64.ActiveCfg = Release|x64
		{43315E17-D18D-4D83-BE40-0B1830899560}.Release|x64.Build.0 = Release|x64
		{43315E17-D18D-4D83-BE40-0B1830899560}.Release|x86.ActiveCfg = Release|Win32
		{43315E17-D18D-4D83-BE40-0B1830899560}.Release|x86.Build.0 = Release|Win32
		{B4D9B50B-2875-4347-AF5F-6605E0A1BDE9}.Debug|x64.ActiveCfg = Debug|x64
		{B4D9B50B-2875-4347-AF5F-6605E0A1BDE9}.Debug|x64.Build.0 = Debug|x64
		{B4D9B50B-2875-4347-AF5F-6605E0A1BDE9}.Debug|x86.ActiveCfg = Debug|Win32
		{B4D9B50B-2875-4347-AF5F-6605E0A1BDE9}.Debug|x86.Build.0 = Debug|Win32
		{B4D9B50B-2875-4347-AF5F-6605E0A1BDE9}.Release|x64.ActiveCfg = Release|x64
		{B4D9B50B-2875-4347-AF5F-6605E0A1BDE9}.Release|x64.Build.0 = Release|x64
		{B4D9B50B-2875-4347-AF5F-6605E0A1BDE9}.Release|x86.ActiveCfg = Release|Win32
		{B4D9B50B-2875-4347-AF5F-6605E0A1BDE9}.Release|x86.Build.0 = Release|Win32
		{8848C780-B215-481F-9CF1-C1FAD65AD9F0}.Debug|x64.ActiveCfg = Debug|x64
		{8848C780-B215-481F-9CF1-C1FAD65AD9F0}.Debug|x64.Build.0 = Debug|x64
		{8848C780-B215-481F-9CF1-C1FAD65AD9F0}.Debug|x86.ActiveCfg = Debug|Win32
		{8848C780-B215-481F-9CF1-C1FAD65AD9F0}.Debug|x86.Build.0 = Debug|Win32
		{8848C780-B215-481F-9CF1-C1FAD65AD9F0}.Release|x64.ActiveCfg = Release|x64
		{8848C780-B215-481F-9CF1-C1FAD65AD9F0}.Release|x64.Build.0 = Release|x64
		{8848C780-B215-481F-9CF1-C1FAD65AD9F0}.Release|x86.ActiveCfg = Release|Win32
		{8848C780-B215-481F-9CF1-C1FAD65AD9F0}.Release|x86.Build.0 = Release|Win32
		{226E1661-08B9-4705-B5F9-0F359E147D67}.Debug|x64.ActiveCfg = Debug|x64
		{226E1661-08B9-4705-B5F9-0F359E147D67}.Debug|x64.Build.0 = Debug|x64
		{226E1661-08B9-4705-B5F9-0F359E147D67}.Debug|x86.ActiveCfg = Debug|Win32
		{226E1661-08B9-4705-B5F9-0F359E147D67}.Debug|x86.Build.0 = Debug|Win32
		{226E1661-08B9-4705-B5F9-0F359E147D67}.Release|x64.ActiveCfg = Release|x64
		{226E1661-08B9-4705-B5F9-0F359E147D67}.Release|x64.Build.0 = Release|x64
		{226E1661-08B9-4705-B5F9-0F359E147D67}.Release|x86.ActiveCfg = Release|Win32
		{226E1661-08B9-4705-B5F9-0F359E147D67}.Release|x86.Build.0 = Release|Win32
		{384BAAA1-EFF3-4F7B-AB0E-B4E9ADE29EB2}.Debug|x64.ActiveCfg = Debug|x64
		{384BAAA1-EFF3-4F7B-AB0E-B4E9ADE29EB2}.Debug|x64.Build.0 = Debug|x64
		{384BAAA1-EFF3-4F7B-AB0E-B4E9ADE29EB2}.Debug|x86.ActiveCfg = Debug|Win32
		{384BAAA1-EFF3-4F7B-AB0E-B4E9ADE29EB2}.Debug|x86.Build.0 = Debug|Win32
		{384BAAA1-EFF3-4F7B-AB0E-B4E9ADE29EB2}.Release|x64.ActiveCfg = Release|x64
		{384BAAA1-EFF3-4F7B-AB0E-B4E9ADE29EB2}.Release|x64.Build.0 = Release|x64
		{384BAAA1-EFF3-4F7B-AB0E-B4E9ADE29EB2}.Release|x86.ActiveCfg = Release|Win32
		{384BAAA1-EFF3-4F7B-AB0E-B4E9ADE29EB2}.Release|x86.Build.0 = Release|Win32
		{41A56450-5BB4-4EA8-AD3B-46A65A216BBB}.Debug|x64.ActiveCfg = Debug|x64
		{41A56450-5BB4-4EA8-AD3B-46A65A216BBB}.Debug|x64.Build.0 = Debug|x64
		{41A56450-5BB4-4EA8-AD3B-46A65A216BBB}.Debug|x86.ActiveCfg = Debug|Win32
		{41A56450-5BB4-4EA8-AD3B-46A65A216BBB}.Debug|x86.Build.0 = Debug|Win32
		{41A56450-5BB4-4EA8-AD3B-46A65A216BBB}.Release|x64.ActiveCfg = Release|x64
		{41A56450-5BB4-4EA8-AD3B-46A65A216BBB}.Release|x64.Build.0 = Release|x64
		{41A56450-5BB4-4EA8-AD3B-46A65A216BBB}.Release|x86.ActiveCfg = Release|Win32
		{41A56450-5BB4-4EA8-AD3B-46A65A216BBB}.Release|x86.Build.0 = Release|Win32
		{898B08BC-0D57-4E43-A237-FF8789EA3B2E}.Debug|x64.ActiveCfg = Debug|x64
		{898B08BC-0D57-4E43-A237-FF8789EA3B2E}.Debug|x64.Build.0 = Debug|x64
		{898B08BC-0D57-4E43-A237-FF8789EA3B2E}.Debug|x86.ActiveCfg = Debug|Win32
		{898B08BC-0D57-4E43-A237-FF8789EA3B2E}.Debug|x86.Build.0 = Debug|Win32
		{898B08BC-0D57-4E43-A237-FF8789EA3B2E}.Release|x64.ActiveCfg = Release|x64
		{898B08BC-0D57-4E43-A237-FF8789EA3B2E}.Release|x64.Build.0 = Release|x64
		{898B08BC-0D57-4E43-A237-FF8789EA3B2E}.Release|x86.ActiveCfg = Release|Win32
		{898B08BC-0D57-4E43-A237-FF8789EA3B2E}.Release|x86.Build.0 = Release|Win32
		{E3468C8C-0687-4B38-A741-393A35FA5440}.Debug|x64.ActiveCfg = Debug|x64
		{E3468C8C-0687-4B38-A741-393A35FA5440}.Debug|x64.Build.0 = Debug|x64
		{E3468C8C-0687-4B38-A741-393A35FA5440}.Debug|x86.ActiveCfg = Debug|Win32
		{E3468C8C-0687-4B38-A741-393A35FA5440}.Debug|x86.Build.0 = Debug|Win32
		{E3468C8C-0687-4B38-A741-393A35FA5440}.Release|x64.ActiveCfg = Release|x64
		{E3468C8C-0687-4B38-A741-393A35FA5440}.Release|x64.Build.0 = Release|x64
		{E3468C8C-0687-4B38-A741-393A35FA5440}.Release|x86.ActiveCfg = Release|Win32
		{E3468C8C-0687-4B38-A741-393A35FA5440}.Release|x86.Build.0 = Release|Win32
		{F21CE284-7541-4A3D-A548-29D0B2241FD9}.Debug|x64.ActiveCfg = Debug|x64
		{F21CE284-7541-4A3D-A548-29D0B2241FD9}.Debug|x64.Build.0 = Debug|x64
		{F21CE284-7541-4A3D-A548-29D0B2241FD9}.Debug|x86.ActiveCfg = Debug|Win32
		{F21CE284-7541-4A3D-A548-29D0B2241FD9}.Debug|x86.Build.0 = Debug|Win32
		{F21CE284-7541-4A3D-A548-29D0B2241FD9}.Release|x64.ActiveCfg = Release|x64
		{F21CE284-7541-4A3D-A548-29D0B2241FD9}.Release|x64.Build.0 = Release|x64
		{F21CE284-7541-4A3D-A548-29D0B2241FD9}.Release|x86.ActiveCfg = Release|Win32
		{F21CE284-7541-4A3D-A548-29D0B2241FD9}.Release|x86.Build.0 = Release|Win32
		{01E00A74-5B58-46BA-8E8D-8A012042C510}.Debug|x64.ActiveCfg = Debug|x64
		{01E00A74-5B58-46BA-8E8D-8A012042C510}.Debug|x64.Build.0 = Debug|x64
		{01E00A74-5B58-46BA-8E8D-8A012042C510}.Debug|x86.ActiveCfg = Debug|Win32
		{01E00A74-5B58-46BA-8E8D-8A012042C510}.Debug|x86.Build.0 = Debug|Win32
		{01E00A74-5B58-46BA-8E8D-8A012042C510}.Release|x64.ActiveCfg = Release|x64
		{01E00A74-5B58-46BA-8E8D-8A012042C510}.Release|x64.Build.0 = Release|x64
		{01E00A74-5B58-46BA-8E8D-8A012042C510}.Release|x86.ActiveCfg = Release|Win32
		{01E00A74-5B58-46BA-8E8D-8A012042C510}.Release|x86.Build.0 = Release|Win32
		{993A10A8-2CDB-4607-9B87-94E2BCEB058C}.Debug|x64.ActiveCfg = Debug|x64
		{993A10A8-2CDB-4607-9B87-94E2BCEB058C}.Debug|x64.Build.0 = Debug|x64
		{993A10A8-2CDB-4607-9B87-94E2BCEB058C}.Debug|x86.ActiveCfg = Debug|Win32
		{993A10A8-2CDB-4607-9B87-94E2BCEB058C}.Debug|x86.Build.0 = Debug|Win32
		{993A10A8-2CDB-4607-9B87-94E2BCEB058C}.Release|x64.ActiveCfg = Release|x64
		{993A10A8-2CDB-4607-9B87-94E2BCEB058C}.Release|x64.Build.0 = Release|x64
		{993A10A8-2CDB-4607-9B87-94E2BCEB058C}.Release|x86.ActiveCfg = Release|Win32
		{993A10A8-2CDB-4607-9B87-94E2BCEB058C}.Release|x86.Build.0 = Release|Win32
		{0D87DA0F-FA2B-4F99-BCF3-40CC51C24DBC}.Debug|x64.ActiveCfg = Debug|x64
		{0D87DA0F-FA2B-4F99-BCF3-40CC51C24DBC}.Debug|x64.Build.0 = Debug|x64
		{0D87DA0F-FA2B-4F99-BCF3-40CC51C24DBC}.Debug|x86.ActiveCfg = Debug|Win32
		{0D87DA0F-FA2B-4F99-BCF3-40CC51C24DBC}.Debug|x86.Build.0 = Debug|Win32
		{0D87DA0F-FA2B-4F99-BCF3-40CC51C24DBC}.Release|x64.ActiveCfg = Release|x64
		{0D87DA0F-FA2B-4F99-BCF3-40CC51C24DBC}.Release|x64.Build.0 = Release|x64
		{0D87DA0F-FA2B-4F99-BCF3-40CC51C24DBC}.Release|x86.ActiveCfg = Release|Win32
		{0D87DA0F-FA2B-4F99-BCF3-40CC51C24DBC}.Release|x86.Build.0 = Release|Win32
		{D797CADF-35FB-46BF-B57D-48FAEDB3567A}.Debug|x64.ActiveCfg = Debug|x64
		{D797CADF-35FB-46BF-B57D-48FAEDB3567A}.Debug|x64.Build.0 = Debug|x64
		{D797CADF-35FB-46BF-B57D-48FAEDB3567A}.Debug|x86.ActiveCfg = Debug|Win32
		{D797CADF-35FB-46BF-B57D-48FAEDB3567A}.Debug|x86.Build.0 = Debug|Win32
		{D797CADF-35FB-46BF-B57D-48FAEDB3567A}.Release|x64.ActiveCfg = Release|x64
		{D797CADF-35FB-46BF-B57D-48FAEDB3567A}.Release|x64.Build.0 = Release|x64
		{D797CADF-35FB-46BF-B57D-48FAEDB3567A}.Release|x86.ActiveCfg = Release|Win32
		{D797CADF-35FB-46BF-B57D-48FAEDB3567A}.Release|x86.Build.0 = Release|Win32
		{8AB42059-5E39-455E-996F-FCCF7CD332B7}.Debug|x64.ActiveCfg = Debug|x64
		{8AB42059-5E39-455E-996F-FCCF7CD332B7}.Debug|x64.Build.0 = Debug|x64
		{8AB42059-5E39-455E-996F-FCCF7CD332B7}.Debug|x86.ActiveCfg = Debug|Win32
		{8AB42059-5E39-455E-996F-FCCF7CD332B7}.Debug|x86.Build.0 = Debug|Win32
		{8AB42059-5E39-455E-996F-FCCF7CD332B7}.Release|x64.ActiveCfg = Release|x64
		{8AB42059-5E39-455E-996F-FCCF7CD332B7}.Release|x64.Build.0 = Release|x64
		{8AB42059-5E39-455E-996F-FCCF7CD332B7}.Release|x86.ActiveCfg = Release|Win32
		{8AB42059-5E39-455E-996F-FCCF7CD332B7}.Release|x86.Build.0 = Release|Win32
		{8B38BB5F-78B9-46E5-BDC0-C20091BBC61A}.Debug|x64.ActiveCfg = Debug|x64
		{8B38BB5F-78B9-46E5-BDC0-C20091BBC61A}.Debug|x64.Build.0 = Debug|x64
		{8B38BB5F-78B9-46E5-BDC0-C20091BBC61A}.Debug|x86.ActiveCfg = Debug|Win32
		{8B38BB5F-78B9-46E5-BDC0-C20091BBC61A}.Debug|x86.Build.0 = Debug|Win32
		{8B38BB5F-78B9-46E5-BDC0-C20091BBC61A}.Release|x64.ActiveCfg = Release|x64
		{8B38BB5F-78B9-46E5-BDC0-C20091BBC61A}.Release|x64.Build.0 = Release|x64
		{8B38BB5F-78B9-46E5-BDC0-C20091BBC61A}.Release|x86.ActiveCfg = Release|Win32
		{8B38BB5F-78B9-46E5-BDC0-C20091BBC61A}.Release|x86.Build.0 = Release|Win32
		{B1322C87-8A43-4242-863C-A808EC3504E2}.Debug|x64.ActiveCfg = Debug|x64
		{B1322C87-8A43-4242-863C-A808EC3504E2}.Debug|x64.Build.0 = Debug|x64
		{B1322C87-8A43-4242-863C-A808EC3504E2}.Debug|x86.ActiveCfg = Debug|Win32
		{B1322C87-8A43-4242-863C-A808EC3504E2}.Debug|x86.Build.0 = Debug|Win32
		{B1322C87-8A43-4242-863C-A808EC3504E2}.Release|x64.ActiveCfg = Release|x64
		{B1322C87-8A43-4242-863C-A808EC3504E2}.Release|x64.Build.0 = Release|x64
		{B1322C87-8A43-4242-863C-A808EC3504E2}.Release|x86.ActiveCfg = Release|Win32
		{B1322C87-8A43-4242-863C-A808EC3504E2}.Release|x86.Build.0 = Release|Win32
		{AC9DEEA6-C108-4423-AC58-6210232314F0}.Debug|x64.ActiveCfg = Debug|x64
		{AC9DEEA6-C108-4423-AC58-6210232314F0}.Debug|x64.Build.0 = Debug|x64
		{AC9DEEA6-C108-4423-AC58-6210232314F0}.Debug|x86.ActiveCfg = Debug|Win32
		{AC9DEEA6-C108-4423-AC58-6210232314F0}.Debug|x86.Build.0 = Debug|Win32
		{AC9DEEA6-C108-4423-AC58-6210232314F0}.Release|x64.ActiveCfg = Release|x64
		{AC9DEEA6-C108-4423-AC58-6210232314F0}.Release|x64.Build.0 = Release|x64
		{AC9DEEA6-C108-4423-AC58-6210232314F0}.Release|x86.ActiveCfg = Release|Win32
		{AC9DEEA6-C108-4423-AC58-6210232314F0}.Release|x86.Build.0 = Release|Win32
		{716D397C-11FE-4918-93DE-A7C70B55C46F}.Debug|x64.ActiveCfg = Debug|x64
		{716D397C-11FE-4918-93DE-A7C70B55C46F}.Debug|x64.Build.0 = Debug|x64
		{716D397C-11FE-4918-93DE-A7C70B55C46F}.Debug|x86.ActiveCfg = Debug|Win32
		{716D397C-11FE-4918-93DE-A7C70B55C46F}.Debug|x86.Build.0 = Debug|Win32
		{716D397C-11FE-4918-93DE-A7C70B55C46F}.Release|x64.ActiveCfg = Release|x64
		{716D397C-11FE-4918-93DE-A7C70B55C46F}.Release|x64.Build.0 = Release|x64
		{716D397C-11FE-4918-93DE-A7C70B55C46F}.Release|x86.ActiveCfg = Release|Win32
		{716D397C-11FE-4918-93DE-A7C70B55C46F}.Release|x86.Build.0 = Release|Win32
		{CD02B5C0-FC07-4D66-B357-96F858E27A22}.Debug|x64.ActiveCfg = Debug|x64
		{CD02B5C0-FC07-4D66-B357-96F858E27A22}.Debug|x64.Build.0 = Debug|x64
		{CD02B5C0-FC07-4D66-B357-96F858E27A22}.Debug|x86.ActiveCfg = Debug|Win32
		{CD02B5C0-FC07-4D66-B357-96F858E27A22}.Debug|x86.Build.0 = Debug|Win32
		{CD02B5C0-FC07-4D66-B357-96F858E27A22}.Release|x64.ActiveCfg = Release|x64
		{CD02B5C0-FC07-4D66-B357-96F858E27A22}.Release|x64.Build.0 = Release|x64
		{CD02B5C0-FC07-4D66-B357-96F858E27A22}.Release|x86.ActiveCfg = Release|Win32
		{CD02B5C0-FC07-4D66-B357-96F858E27A22}.Release|x86.Build.0 = Release|Win32
		{D645E650-08B5-4A44-AD8A-0520A88D1660}.Debug|x64.ActiveCfg = Debug|x64
		{D645E650-08B5-4A44-AD8A-0520A88D1660}.Debug|x64.Build.0 = Debug|x64
		{D645E650-08B5-4A44-AD8A-0520A88D1660}.Debug|x86.ActiveCfg = Debug|Win32
		{D645E650-08B5-4A44-AD8A-0520A88D1660}.Debug|x86.Build.0 = Debug|Win32
		{D645E650-08B5-4A44-AD8A-0520A88D1660}.Release|x64.ActiveCfg = Release|x64
		{D645E650-08B5-4A44-AD8A-0520A88D1660}.Release|x64.Build.0 = Release|x64
		{D645E650-08B5-4A44-AD8A-0520A88D1660}.Release|x86.ActiveCfg = Release|Win32
		{D645E650-08B5-4A44-AD8A-0520A88D1660}.Release|x86.Build.0 = Release|Win32
		{DE707695-A806-4D17-A47C-19D85AB6F453}.Debug|x64.ActiveCfg = Debug|x64
		{DE707695-A806-4D17-A47C-19D85AB6F453}.Debug|x64.Build.0 = Debug|x64
		{DE707695-A806-4D17-A47C-19D85AB6F453}.Debug|x86.ActiveCfg = Debug|Win32
		{DE707695-A806-4D17-A47C-19D85AB6F453}.Debug|x86.Build.0 = Debug|Win32
		{DE707695-A806-4D17-A47C-19D85AB6F453}.Release|x64.ActiveCfg = Release|x64
		{DE707695-A806-4D17-A47C-19D85AB6F453}.Release|x64.Build.0 = Release|x64
		{DE707695-A806-4D17-A47C-19D85AB6F453}.Release|x86.ActiveCfg = Release|Win32
		{DE707695-A806-4D17-A47C-19D85AB6F453}.Release|x86.Build.0 = Release|Win32
		{014EEC75-30A1-43E5-AE64-FC3CE25BDA47}.Debug|x64.ActiveCfg = Debug|x64
		{014EEC75-30A1-43E5-AE64-FC3CE25BDA47}.Debug|x64.Build.0 = Debug|x64
		{014EEC75-30A1-43E5-AE64-FC3CE25BDA47}.Debug|x86.ActiveCfg = Debug|Win32
		{014EEC75-30A1-43E5-AE64-FC3CE25BDA47}.Debug|x86.Build.0 = Debug|Win32
		{014EEC75-30A1-43E5-AE64-FC3CE25BDA47}.Release|x64.ActiveCfg = Release|x64
		{014EEC75-30A1-43E5-AE64-FC3CE25BDA47}.Release|x64.Build.0 = Release|x64
		{014EEC75-30A1-43E5-AE64-FC3CE25BDA47}.Release|x86.ActiveCfg = Release|Win32
		{014EEC75-30A1-43E5-AE64-FC3CE25BDA47}.Release|x86.Build.0 = Release|Win32
		{5F90B18F-7DE6-4246-8FEA-94FA7B87D4C6}.Debug|x64.ActiveCfg = Debug|x64
		{5F90B18F-7DE6-4246-8FEA-94FA7B87D4C6}.Debug|x64.Build.0 = Debug|x64
		{5F90B18F-7DE6-4246-8FEA-94FA7B87D4C6}.Debug|x86.ActiveCfg = Debug|Win32
		{5F90B18F-7DE6-4246-8FEA-94FA7B87D4C6}.Debug|x86.Build.0 = Debug|Win32
		{5F90B18F-7DE6-4246-8FEA-94FA7B87D4C6}.Release|x64.ActiveCfg = Release|x64
		{5F90B18F-7DE6-4246-8FEA-94FA7B87D4C6}.Release|x64.Build.0 = Release|x64
		{5F90B18F-7DE6-4246-8FEA-94FA7B87D4C6}.Release|x86.ActiveCfg = Release|Win32
		{5F90B18F-7DE6-4246-8FEA-94FA7B87D4C6}.Release|x86.Build.0 = Release|Win32
		{C2D6FC24-E2D8-4953-95E3-A7A23A9BE884}.Debug|x64.ActiveCfg = Debug|x64
		{C2D6FC24-E2D8-4953-95E3-A7A23A9BE884}.Debug|x64.Build.0 = Debug|x64
		{C2D6FC24-E2D8-4953-95E3-A7A23A9BE884}.Debug|x86.ActiveCfg = Debug|Win32
		{C2D6FC24-E2D8-4953-95E3-A7A23A9BE884}.Debug|x86.Build.0 = Debug|Win32
		{C2D6FC24-E2D8-4953-95E3-A7A23A9BE884}.Release|x64.ActiveCfg = Release|x64
		{C2D6FC24-E2D8-4953-95E3-A7A23A9BE884}.Release|x64.Build.0 = Release|x64
		{C2D6FC24-E2D8-4953-95E3-A7A23A9BE884}.Release|x86.ActiveCfg = Release|Win32
		{C2D6FC24-E2D8-4953-95E3-A7A23A9BE884}.Release|x86.Build.0 = Release|Win32
		{1815C764-4527-40F8-8794-14B1EF4243CA}.Debug|x64.ActiveCfg = Debug|x64
		{1815C764-4527-40F8-8794-14B1EF4243CA}.Debug|x64.Build.0 = Debug|x64
		{1815C764-4527-40F8-8794-14B1EF4243CA}.Debug|x86.ActiveCfg = Debug|Win32
		{1815C764-4527-40F8-8794-14B1EF4243CA}.Debug|x86.Build.0 = Debug|Win32
		{1815C764-4527-40F8-8794-14B1EF4243CA}.Release|x64.ActiveCfg = Release|x64
		{1815C764-4527-40F8-8794-14B1EF4243CA}.Release|x64.Build.0 = Release|x64
		{1815C764-4527-40F8-8794-14B1EF4243CA}.Release|x86.ActiveCfg = Release|Win32
		{1815C764-4527-40F8-8794-14B1EF4243CA}.Release|x86.Build.0 = Release|Win32
		{89B43452-178F-4128-87DC-AE6C2AE157A4}.Debug|x64.ActiveCfg = Debug|x64
		{89B43452-178F-4128-87DC-AE6C2AE157A4}.Debug|x64.Build.0 = Debug|x64
		{89B43452-178F-4128-87DC-AE6C2AE157A4}.Debug|x86.ActiveCfg = Debug|Win32
		{89B43452-178F-4128-87DC-AE6C2AE157A4}.Debug|x86.Build.0 = Debug|Win32
		{89B43452-178F-4128-87DC-AE6C2AE157A4}.Release|x64.ActiveCfg = Release|x64
		{89B43452-178F-4128-87DC-AE6C2AE157A4}.Release|x64.Build.0 = Release|x64
		{89B43452-178F-4128-87DC-AE6C2AE157A4}.Release|x86.ActiveCfg = Release|Win32
		{89B43452-178F-4128-87DC-AE6C2AE157A4}.Release|x86.Build.0 = Release|Win32
		{344D9DF0-E8C5-4517-BC94-54D9698DDDC4}.Debug|x64.ActiveCfg = Debug|x64
		{344D9DF0-E8C5-4517-BC94-54D9698DDDC4}.Debug|x64.Build.0 = Debug|x64
		{344D9DF0-E8C5-4517-BC94-54D9698DDDC4}.Debug|x86.ActiveCfg = Debug|Win32
		{344D9DF0-E8C5-4517-BC94-54D9698DDDC4}.Debug|x86.Build.0 = Debug|Win32
		{344D9DF0-E8C5-4517-BC94-54D9698DDDC4}.Release|x64.ActiveCfg = Release|x64
		{344D9DF0-E8C5-4517-BC94-54D9698DDDC4}.Release|x64.Build.0 = Release|x64
		{344D9DF0-E8C5-4517-BC94-54D9698DDDC4}.Release|x86.ActiveCfg = Release|Win32
		{344D9DF0-E8C5-4517-BC94-54D9698DDDC4}.Release|x86.Build.0 = Release|Win32
	EndGlobalSection
	GlobalSection(SolutionProperties) = preSolution
		HideSolutionNode = FALSE
	EndGlobalSection
	GlobalSection(ExtensibilityGlobals) = postSolution
		SolutionGuid = {D07F5425-3A9F-435D-AF7D-A1B8C0606255}
	EndGlobalSection
EndGlobal
